
Microsoft Visual Studio Solution File, Format Version 12.00
# Visual Studio Version 17
VisualStudioVersion = 17.8.34511.84
MinimumVisualStudioVersion = 10.0.40219.1
Project("{2150E333-8FDC-42A3-9474-1A3956D46DE8}") = "DataTypes", "DataTypes", "{9C236CFF-981B-4B20-A336-2B0B09869516}"
EndProject
Project("{9A19103F-16F7-4668-BE54-9A1E7A4F7556}") = "ValueTypes", "ValueTypes\ValueTypes.csproj", "{D9D203E3-1480-4FD3-ACCB-3300B3333905}"
EndProject
Project("{9A19103F-16F7-4668-BE54-9A1E7A4F7556}") = "ObjectClass", "ObjectClass\ObjectClass.csproj", "{48058BE4-1FA5-4B7E-8A63-CA02970C00D8}"
EndProject
Project("{2150E333-8FDC-42A3-9474-1A3956D46DE8}") = "DataTypeConversions", "DataTypeConversions", "{22A90129-0990-4B08-B8AA-5578C0F19A99}"
EndProject
Project("{9A19103F-16F7-4668-BE54-9A1E7A4F7556}") = "DataTypeStringToIntegralConversions", "DataTypeConversions\DataTypeStringToIntegralConversions\DataTypeStringToIntegralConversions.csproj", "{1C1F7A53-75A9-484D-A869-AB3B11160922}"
EndProject
Project("{9A19103F-16F7-4668-BE54-9A1E7A4F7556}") = "BooleanLogicalOperators", "DataTypes\BooleanLogicalOperators\BooleanLogicalOperators.csproj", "{2B8977A9-0B51-4977-871F-6AFAE6539AF3}"
EndProject
Project("{9A19103F-16F7-4668-BE54-9A1E7A4F7556}") = "BitwiseOperator", "DataTypes\BitwiseOperator\BitwiseOperator.csproj", "{F22F2E32-112F-4146-893C-52C6A0C9908E}"
EndProject
Project("{9A19103F-16F7-4668-BE54-9A1E7A4F7556}") = "WorkingWithFlags", "WorkingWithFlags\WorkingWithFlags.csproj", "{D72F0613-2022-46F8-8CF3-F0668A9764FA}"
EndProject
Project("{9A19103F-16F7-4668-BE54-9A1E7A4F7556}") = "Parse", "DataTypeConversions\Parse\Parse.csproj", "{D6A57A2F-C4B2-4D67-B56A-C103ABF9E28C}"
EndProject
Project("{9A19103F-16F7-4668-BE54-9A1E7A4F7556}") = "MoreOnParse", "DataTypeConversions\MoreOnParse\MoreOnParse.csproj", "{34FBBDF9-CADC-490D-A2C3-395224B8FA5E}"
EndProject
Project("{9A19103F-16F7-4668-BE54-9A1E7A4F7556}") = "MoreOnNumberStyles", "DataTypeConversions\MoreOnNumberStyles\MoreOnNumberStyles.csproj", "{EE388BA6-18EE-4D1A-A4F8-F75675CF4BD7}"
EndProject
Project("{9A19103F-16F7-4668-BE54-9A1E7A4F7556}") = "NumbersLogicalOperators", "DataTypes\NumbersLogicalOperators\NumbersLogicalOperators.csproj", "{D2FDCD37-CA5E-4558-B723-4DD8905860EF}"
EndProject
Project("{9A19103F-16F7-4668-BE54-9A1E7A4F7556}") = "DataComparisonEquality", "DataTypes\DataComparison\DataComparisonEquality.csproj", "{98CAC6ED-A09E-4834-9FD6-A9D6A1F1E1E0}"
EndProject
Project("{9A19103F-16F7-4668-BE54-9A1E7A4F7556}") = "DataComparisionOperators", "DataTypes\DataComparisionOperators\DataComparisionOperators.csproj", "{08697DC9-9B9B-40D2-B2AD-B5DB9F003037}"
EndProject
Project("{2150E333-8FDC-42A3-9474-1A3956D46DE8}") = "Lesson_Main", "Lesson_Main", "{D81AAB52-F512-43C1-A56F-54174F925CF0}"
EndProject
Project("{9A19103F-16F7-4668-BE54-9A1E7A4F7556}") = "001_MainMethod", "Lesson_Main\001_MainMethod\001_MainMethod.csproj", "{7AF2E4BF-783E-49DF-A00E-CD4EA36AAD84}"
EndProject
Project("{9A19103F-16F7-4668-BE54-9A1E7A4F7556}") = "002_MainMethod", "Lesson_Main\002_MainMethod\002_MainMethod.csproj", "{C03B4255-C253-45BD-8DD9-D0C6E283E388}"
EndProject
Project("{2150E333-8FDC-42A3-9474-1A3956D46DE8}") = "Lesson_Console", "Lesson_Console", "{23289A0A-D98E-4EE3-BB8A-C1F3D6C2B443}"
EndProject
Project("{9A19103F-16F7-4668-BE54-9A1E7A4F7556}") = "003_MainMethod", "Lesson_Main\003_MainMethod\003_MainMethod.csproj", "{B772E6FD-7EFC-4DFE-8EBA-525C97C7DDD1}"
EndProject
Project("{9A19103F-16F7-4668-BE54-9A1E7A4F7556}") = "001_Console", "Lesson_Console\001_Console\001_Console.csproj", "{2752440A-61CC-465A-BF78-CAD2B1248609}"
EndProject
Project("{9A19103F-16F7-4668-BE54-9A1E7A4F7556}") = "002_Console", "Lesson_Console\002_Console\002_Console.csproj", "{3D5A3D88-E50D-4610-8E20-6817B3F63E8C}"
EndProject
Project("{9A19103F-16F7-4668-BE54-9A1E7A4F7556}") = "003_Console", "Lesson_Console\003_Console\003_Console.csproj", "{7D6591D3-D27F-4BFD-8D03-075516D47C07}"
EndProject
Project("{2150E333-8FDC-42A3-9474-1A3956D46DE8}") = "Lesson_Basic_Data_Types", "Lesson_Basic_Data_Types", "{686CF1F2-209F-424C-9F34-BED66AD58721}"
EndProject
Project("{9A19103F-16F7-4668-BE54-9A1E7A4F7556}") = "001_Basic_Data_Types", "Lesson_Basic_Data_Types\001_Basic_Data_Types\001_Basic_Data_Types.csproj", "{0BE23DAC-03BA-4C81-8CC8-30EBE1FAA7E5}"
EndProject
Project("{9A19103F-16F7-4668-BE54-9A1E7A4F7556}") = "002_Basic_Data_Types", "Lesson_Basic_Data_Types\002_Basic_Data_Types\002_Basic_Data_Types.csproj", "{EB82E67B-179C-4ECF-AD19-8147DB21344D}"
EndProject
Project("{9A19103F-16F7-4668-BE54-9A1E7A4F7556}") = "003_Basic_Data_Types", "Lesson_Basic_Data_Types\003_Basic_Data_Types\003_Basic_Data_Types.csproj", "{B8C61BF1-E91C-4ACE-9E96-09402841AB17}"
EndProject
Project("{9A19103F-16F7-4668-BE54-9A1E7A4F7556}") = "004_Basic_Data_Types", "Lesson_Basic_Data_Types\004_Basic_Data_Types\004_Basic_Data_Types.csproj", "{F2E63557-3627-487F-B0C8-945E3DB116C5}"
EndProject
Project("{9A19103F-16F7-4668-BE54-9A1E7A4F7556}") = "005_Basic_Data_Types", "Lesson_Basic_Data_Types\005_Basic_Data_Types\005_Basic_Data_Types.csproj", "{2153A24D-E824-4D9D-932B-568E24204EC3}"
EndProject
Project("{9A19103F-16F7-4668-BE54-9A1E7A4F7556}") = "006_Basic_Data_Types", "Lesson_Basic_Data_Types\006_Basic_Data_Types\006_Basic_Data_Types.csproj", "{E0CF7C14-8BB4-4876-956B-EFCA1E2D54DD}"
EndProject
Project("{9A19103F-16F7-4668-BE54-9A1E7A4F7556}") = "007_Basic_Data_Types", "Lesson_Basic_Data_Types\007_Basic_Data_Types\007_Basic_Data_Types.csproj", "{01C6A1AA-F918-479F-8999-68914EA4BFD4}"
EndProject
Project("{9A19103F-16F7-4668-BE54-9A1E7A4F7556}") = "008_Basic_Data_Types", "008_Basic_Data_Types\008_Basic_Data_Types.csproj", "{E5987502-B300-4583-8215-FEF03FDCC1F0}"
EndProject
Project("{9A19103F-16F7-4668-BE54-9A1E7A4F7556}") = "009_Basic_Data_Types", "Lesson_Basic_Data_Types\009_Basic_Data_Types\009_Basic_Data_Types.csproj", "{07766570-2066-46C9-86D9-DB48FCABC72F}"
EndProject
Project("{9A19103F-16F7-4668-BE54-9A1E7A4F7556}") = "010_Basic_Data_Types", "Lesson_Basic_Data_Types\010_Basic_Data_Types\010_Basic_Data_Types.csproj", "{9B353B29-7D9A-4E3C-87AE-F45391CA3E67}"
EndProject
Project("{2150E333-8FDC-42A3-9474-1A3956D46DE8}") = "Lesson_Arithmetic_Operations", "Lesson_Arithmetic_Operations", "{85D0B39C-1C2F-4673-A356-6827DAACA2AC}"
EndProject
Project("{9A19103F-16F7-4668-BE54-9A1E7A4F7556}") = "001_Arithmetic_Operations", "Lesson_Arithmetic_Operations\001_Arithmetic_Operations\001_Arithmetic_Operations.csproj", "{2309D2E6-F734-4BD0-8152-C162038FEEC3}"
EndProject
Project("{9A19103F-16F7-4668-BE54-9A1E7A4F7556}") = "002_Arithmetic_Operations", "Lesson_Arithmetic_Operations\002_Arithmetic_Operations\002_Arithmetic_Operations.csproj", "{6F0EFF86-0CD8-4E2E-8B07-A409BE2A3D58}"
EndProject
Project("{9A19103F-16F7-4668-BE54-9A1E7A4F7556}") = "003_Arithmetic_Operations", "Lesson_Arithmetic_Operations\003_Arithmetic_Operations\003_Arithmetic_Operations.csproj", "{D749EC19-8529-4900-84BA-BA273F415DAB}"
EndProject
Project("{9A19103F-16F7-4668-BE54-9A1E7A4F7556}") = "004_Arithmetic_Operations", "Lesson_Arithmetic_Operations\004_Arithmetic_Operations\004_Arithmetic_Operations.csproj", "{2A7B3908-F5A3-4638-8ACE-F1BF24CFDDA4}"
EndProject
Project("{9A19103F-16F7-4668-BE54-9A1E7A4F7556}") = "005_Arithmetic_Operations", "Lesson_Arithmetic_Operations\005_Arithmetic_Operations\005_Arithmetic_Operations.csproj", "{9E2DB061-7B18-404A-BA75-CA65A4BE314E}"
EndProject
Project("{9A19103F-16F7-4668-BE54-9A1E7A4F7556}") = "006_Arithmetic_Operations", "Lesson_Arithmetic_Operations\006_Arithmetic_Operations\006_Arithmetic_Operations.csproj", "{93778F21-FAE4-42FE-AC8D-1D2975E67D5F}"
EndProject
Project("{9A19103F-16F7-4668-BE54-9A1E7A4F7556}") = "007_Arithmetic_Operations", "Lesson_Arithmetic_Operations\007_Arithmetic_Operations\007_Arithmetic_Operations.csproj", "{D667C34A-406A-40F3-B39B-F234CB91CD24}"
EndProject
Project("{9A19103F-16F7-4668-BE54-9A1E7A4F7556}") = "008_Arithmetic_Operations", "008_Arithmetic_Operations\008_Arithmetic_Operations.csproj", "{129E7D6F-D2A9-4E7A-B03F-378E631813CB}"
EndProject
Project("{2150E333-8FDC-42A3-9474-1A3956D46DE8}") = "Lesson_Working_With_String_Data", "Lesson_Working_With_String_Data", "{EBE3CEB1-2DCD-4960-8DDC-1EB3915C2C5D}"
EndProject
Project("{9A19103F-16F7-4668-BE54-9A1E7A4F7556}") = "001_Working_With_String", "Lesson_Working_With_String_Data\001_Working_With_String\001_Working_With_String.csproj", "{713C3219-82C4-489B-9D0C-3400D02F1AA8}"
EndProject
Project("{9A19103F-16F7-4668-BE54-9A1E7A4F7556}") = "002_Working_With_String", "Lesson_Working_With_String_Data\002_Working_With_String\002_Working_With_String.csproj", "{222D6A99-021E-40FF-AABE-E0653D7B719A}"
EndProject
Project("{9A19103F-16F7-4668-BE54-9A1E7A4F7556}") = "003_Working_With_String", "Lesson_Working_With_String_Data\003_Working_With_String\003_Working_With_String.csproj", "{456B8693-1172-4C2C-9547-0F377BEE9E9B}"
EndProject
Project("{9A19103F-16F7-4668-BE54-9A1E7A4F7556}") = "004_Working_With_String", "Lesson_Working_With_String_Data\004_Working_With_String\004_Working_With_String.csproj", "{89128DB2-8A0C-4241-A692-F9AB710DB7D1}"
EndProject
Project("{9A19103F-16F7-4668-BE54-9A1E7A4F7556}") = "005_Working_With_String", "Lesson_Working_With_String_Data\005_Working_With_String\005_Working_With_String.csproj", "{BFDA7F3F-7675-476A-B3C1-6063AEEE41AF}"
EndProject
Project("{9A19103F-16F7-4668-BE54-9A1E7A4F7556}") = "006_Working_With_String", "Lesson_Working_With_String_Data\006_Working_With_String\006_Working_With_String.csproj", "{5AEEF1C1-E7A4-4E75-8B75-528B81BA7EC4}"
EndProject
Project("{9A19103F-16F7-4668-BE54-9A1E7A4F7556}") = "007_Working_With_String", "Lesson_Working_With_String_Data\007_Working_With_String\007_Working_With_String.csproj", "{033D8412-90D6-4571-B6D7-5E8763427E29}"
EndProject
Project("{9A19103F-16F7-4668-BE54-9A1E7A4F7556}") = "008_Working_With_String", "Lesson_Working_With_String_Data\008_Working_With_String\008_Working_With_String.csproj", "{6759A110-62F6-4529-950F-7D20AC87761C}"
EndProject
Project("{FAE04EC0-301F-11D3-BF4B-00C04F79EFBC}") = "009_Working_With_String", "Lesson_Working_With_String_Data\009_Working_With_String\009_Working_With_String.csproj", "{EFEF5AA7-BEEF-4681-B856-970EBCB31A19}"
EndProject
Project("{FAE04EC0-301F-11D3-BF4B-00C04F79EFBC}") = "010_Working_With_String", "Lesson_Working_With_String_Data\010_Working_With_String\010_Working_With_String.csproj", "{151F59DF-8059-4A06-8595-B8DFACD7701D}"
EndProject
Project("{FAE04EC0-301F-11D3-BF4B-00C04F79EFBC}") = "011_Working_With_String", "Lesson_Working_With_String_Data\011_Working_With_String\011_Working_With_String.csproj", "{145ED87D-974D-4610-8A3E-75E85A42430C}"
EndProject
Global
	GlobalSection(SolutionConfigurationPlatforms) = preSolution
		Debug|Any CPU = Debug|Any CPU
		Release|Any CPU = Release|Any CPU
	EndGlobalSection
	GlobalSection(ProjectConfigurationPlatforms) = postSolution
		{D9D203E3-1480-4FD3-ACCB-3300B3333905}.Debug|Any CPU.ActiveCfg = Debug|Any CPU
		{D9D203E3-1480-4FD3-ACCB-3300B3333905}.Debug|Any CPU.Build.0 = Debug|Any CPU
		{D9D203E3-1480-4FD3-ACCB-3300B3333905}.Release|Any CPU.ActiveCfg = Release|Any CPU
		{D9D203E3-1480-4FD3-ACCB-3300B3333905}.Release|Any CPU.Build.0 = Release|Any CPU
		{48058BE4-1FA5-4B7E-8A63-CA02970C00D8}.Debug|Any CPU.ActiveCfg = Debug|Any CPU
		{48058BE4-1FA5-4B7E-8A63-CA02970C00D8}.Debug|Any CPU.Build.0 = Debug|Any CPU
		{48058BE4-1FA5-4B7E-8A63-CA02970C00D8}.Release|Any CPU.ActiveCfg = Release|Any CPU
		{48058BE4-1FA5-4B7E-8A63-CA02970C00D8}.Release|Any CPU.Build.0 = Release|Any CPU
		{1C1F7A53-75A9-484D-A869-AB3B11160922}.Debug|Any CPU.ActiveCfg = Debug|Any CPU
		{1C1F7A53-75A9-484D-A869-AB3B11160922}.Debug|Any CPU.Build.0 = Debug|Any CPU
		{1C1F7A53-75A9-484D-A869-AB3B11160922}.Release|Any CPU.ActiveCfg = Release|Any CPU
		{1C1F7A53-75A9-484D-A869-AB3B11160922}.Release|Any CPU.Build.0 = Release|Any CPU
		{2B8977A9-0B51-4977-871F-6AFAE6539AF3}.Debug|Any CPU.ActiveCfg = Debug|Any CPU
		{2B8977A9-0B51-4977-871F-6AFAE6539AF3}.Debug|Any CPU.Build.0 = Debug|Any CPU
		{2B8977A9-0B51-4977-871F-6AFAE6539AF3}.Release|Any CPU.ActiveCfg = Release|Any CPU
		{2B8977A9-0B51-4977-871F-6AFAE6539AF3}.Release|Any CPU.Build.0 = Release|Any CPU
		{F22F2E32-112F-4146-893C-52C6A0C9908E}.Debug|Any CPU.ActiveCfg = Debug|Any CPU
		{F22F2E32-112F-4146-893C-52C6A0C9908E}.Debug|Any CPU.Build.0 = Debug|Any CPU
		{F22F2E32-112F-4146-893C-52C6A0C9908E}.Release|Any CPU.ActiveCfg = Release|Any CPU
		{F22F2E32-112F-4146-893C-52C6A0C9908E}.Release|Any CPU.Build.0 = Release|Any CPU
		{D72F0613-2022-46F8-8CF3-F0668A9764FA}.Debug|Any CPU.ActiveCfg = Debug|Any CPU
		{D72F0613-2022-46F8-8CF3-F0668A9764FA}.Debug|Any CPU.Build.0 = Debug|Any CPU
		{D72F0613-2022-46F8-8CF3-F0668A9764FA}.Release|Any CPU.ActiveCfg = Release|Any CPU
		{D72F0613-2022-46F8-8CF3-F0668A9764FA}.Release|Any CPU.Build.0 = Release|Any CPU
		{D6A57A2F-C4B2-4D67-B56A-C103ABF9E28C}.Debug|Any CPU.ActiveCfg = Debug|Any CPU
		{D6A57A2F-C4B2-4D67-B56A-C103ABF9E28C}.Debug|Any CPU.Build.0 = Debug|Any CPU
		{D6A57A2F-C4B2-4D67-B56A-C103ABF9E28C}.Release|Any CPU.ActiveCfg = Release|Any CPU
		{D6A57A2F-C4B2-4D67-B56A-C103ABF9E28C}.Release|Any CPU.Build.0 = Release|Any CPU
		{34FBBDF9-CADC-490D-A2C3-395224B8FA5E}.Debug|Any CPU.ActiveCfg = Debug|Any CPU
		{34FBBDF9-CADC-490D-A2C3-395224B8FA5E}.Debug|Any CPU.Build.0 = Debug|Any CPU
		{34FBBDF9-CADC-490D-A2C3-395224B8FA5E}.Release|Any CPU.ActiveCfg = Release|Any CPU
		{34FBBDF9-CADC-490D-A2C3-395224B8FA5E}.Release|Any CPU.Build.0 = Release|Any CPU
		{EE388BA6-18EE-4D1A-A4F8-F75675CF4BD7}.Debug|Any CPU.ActiveCfg = Debug|Any CPU
		{EE388BA6-18EE-4D1A-A4F8-F75675CF4BD7}.Debug|Any CPU.Build.0 = Debug|Any CPU
		{EE388BA6-18EE-4D1A-A4F8-F75675CF4BD7}.Release|Any CPU.ActiveCfg = Release|Any CPU
		{EE388BA6-18EE-4D1A-A4F8-F75675CF4BD7}.Release|Any CPU.Build.0 = Release|Any CPU
		{D2FDCD37-CA5E-4558-B723-4DD8905860EF}.Debug|Any CPU.ActiveCfg = Debug|Any CPU
		{D2FDCD37-CA5E-4558-B723-4DD8905860EF}.Debug|Any CPU.Build.0 = Debug|Any CPU
		{D2FDCD37-CA5E-4558-B723-4DD8905860EF}.Release|Any CPU.ActiveCfg = Release|Any CPU
		{D2FDCD37-CA5E-4558-B723-4DD8905860EF}.Release|Any CPU.Build.0 = Release|Any CPU
		{98CAC6ED-A09E-4834-9FD6-A9D6A1F1E1E0}.Debug|Any CPU.ActiveCfg = Debug|Any CPU
		{98CAC6ED-A09E-4834-9FD6-A9D6A1F1E1E0}.Debug|Any CPU.Build.0 = Debug|Any CPU
		{98CAC6ED-A09E-4834-9FD6-A9D6A1F1E1E0}.Release|Any CPU.ActiveCfg = Release|Any CPU
		{98CAC6ED-A09E-4834-9FD6-A9D6A1F1E1E0}.Release|Any CPU.Build.0 = Release|Any CPU
		{08697DC9-9B9B-40D2-B2AD-B5DB9F003037}.Debug|Any CPU.ActiveCfg = Debug|Any CPU
		{08697DC9-9B9B-40D2-B2AD-B5DB9F003037}.Debug|Any CPU.Build.0 = Debug|Any CPU
		{08697DC9-9B9B-40D2-B2AD-B5DB9F003037}.Release|Any CPU.ActiveCfg = Release|Any CPU
		{08697DC9-9B9B-40D2-B2AD-B5DB9F003037}.Release|Any CPU.Build.0 = Release|Any CPU
		{7AF2E4BF-783E-49DF-A00E-CD4EA36AAD84}.Debug|Any CPU.ActiveCfg = Debug|Any CPU
		{7AF2E4BF-783E-49DF-A00E-CD4EA36AAD84}.Debug|Any CPU.Build.0 = Debug|Any CPU
		{7AF2E4BF-783E-49DF-A00E-CD4EA36AAD84}.Release|Any CPU.ActiveCfg = Release|Any CPU
		{7AF2E4BF-783E-49DF-A00E-CD4EA36AAD84}.Release|Any CPU.Build.0 = Release|Any CPU
		{C03B4255-C253-45BD-8DD9-D0C6E283E388}.Debug|Any CPU.ActiveCfg = Debug|Any CPU
		{C03B4255-C253-45BD-8DD9-D0C6E283E388}.Debug|Any CPU.Build.0 = Debug|Any CPU
		{C03B4255-C253-45BD-8DD9-D0C6E283E388}.Release|Any CPU.ActiveCfg = Release|Any CPU
		{C03B4255-C253-45BD-8DD9-D0C6E283E388}.Release|Any CPU.Build.0 = Release|Any CPU
		{B772E6FD-7EFC-4DFE-8EBA-525C97C7DDD1}.Debug|Any CPU.ActiveCfg = Debug|Any CPU
		{B772E6FD-7EFC-4DFE-8EBA-525C97C7DDD1}.Debug|Any CPU.Build.0 = Debug|Any CPU
		{B772E6FD-7EFC-4DFE-8EBA-525C97C7DDD1}.Release|Any CPU.ActiveCfg = Release|Any CPU
		{B772E6FD-7EFC-4DFE-8EBA-525C97C7DDD1}.Release|Any CPU.Build.0 = Release|Any CPU
		{2752440A-61CC-465A-BF78-CAD2B1248609}.Debug|Any CPU.ActiveCfg = Debug|Any CPU
		{2752440A-61CC-465A-BF78-CAD2B1248609}.Debug|Any CPU.Build.0 = Debug|Any CPU
		{2752440A-61CC-465A-BF78-CAD2B1248609}.Release|Any CPU.ActiveCfg = Release|Any CPU
		{2752440A-61CC-465A-BF78-CAD2B1248609}.Release|Any CPU.Build.0 = Release|Any CPU
		{3D5A3D88-E50D-4610-8E20-6817B3F63E8C}.Debug|Any CPU.ActiveCfg = Debug|Any CPU
		{3D5A3D88-E50D-4610-8E20-6817B3F63E8C}.Debug|Any CPU.Build.0 = Debug|Any CPU
		{3D5A3D88-E50D-4610-8E20-6817B3F63E8C}.Release|Any CPU.ActiveCfg = Release|Any CPU
		{3D5A3D88-E50D-4610-8E20-6817B3F63E8C}.Release|Any CPU.Build.0 = Release|Any CPU
		{7D6591D3-D27F-4BFD-8D03-075516D47C07}.Debug|Any CPU.ActiveCfg = Debug|Any CPU
		{7D6591D3-D27F-4BFD-8D03-075516D47C07}.Debug|Any CPU.Build.0 = Debug|Any CPU
		{7D6591D3-D27F-4BFD-8D03-075516D47C07}.Release|Any CPU.ActiveCfg = Release|Any CPU
		{7D6591D3-D27F-4BFD-8D03-075516D47C07}.Release|Any CPU.Build.0 = Release|Any CPU
		{0BE23DAC-03BA-4C81-8CC8-30EBE1FAA7E5}.Debug|Any CPU.ActiveCfg = Debug|Any CPU
		{0BE23DAC-03BA-4C81-8CC8-30EBE1FAA7E5}.Debug|Any CPU.Build.0 = Debug|Any CPU
		{0BE23DAC-03BA-4C81-8CC8-30EBE1FAA7E5}.Release|Any CPU.ActiveCfg = Release|Any CPU
		{0BE23DAC-03BA-4C81-8CC8-30EBE1FAA7E5}.Release|Any CPU.Build.0 = Release|Any CPU
		{EB82E67B-179C-4ECF-AD19-8147DB21344D}.Debug|Any CPU.ActiveCfg = Debug|Any CPU
		{EB82E67B-179C-4ECF-AD19-8147DB21344D}.Debug|Any CPU.Build.0 = Debug|Any CPU
		{EB82E67B-179C-4ECF-AD19-8147DB21344D}.Release|Any CPU.ActiveCfg = Release|Any CPU
		{EB82E67B-179C-4ECF-AD19-8147DB21344D}.Release|Any CPU.Build.0 = Release|Any CPU
		{B8C61BF1-E91C-4ACE-9E96-09402841AB17}.Debug|Any CPU.ActiveCfg = Debug|Any CPU
		{B8C61BF1-E91C-4ACE-9E96-09402841AB17}.Debug|Any CPU.Build.0 = Debug|Any CPU
		{B8C61BF1-E91C-4ACE-9E96-09402841AB17}.Release|Any CPU.ActiveCfg = Release|Any CPU
		{B8C61BF1-E91C-4ACE-9E96-09402841AB17}.Release|Any CPU.Build.0 = Release|Any CPU
		{F2E63557-3627-487F-B0C8-945E3DB116C5}.Debug|Any CPU.ActiveCfg = Debug|Any CPU
		{F2E63557-3627-487F-B0C8-945E3DB116C5}.Debug|Any CPU.Build.0 = Debug|Any CPU
		{F2E63557-3627-487F-B0C8-945E3DB116C5}.Release|Any CPU.ActiveCfg = Release|Any CPU
		{F2E63557-3627-487F-B0C8-945E3DB116C5}.Release|Any CPU.Build.0 = Release|Any CPU
		{2153A24D-E824-4D9D-932B-568E24204EC3}.Debug|Any CPU.ActiveCfg = Debug|Any CPU
		{2153A24D-E824-4D9D-932B-568E24204EC3}.Debug|Any CPU.Build.0 = Debug|Any CPU
		{2153A24D-E824-4D9D-932B-568E24204EC3}.Release|Any CPU.ActiveCfg = Release|Any CPU
		{2153A24D-E824-4D9D-932B-568E24204EC3}.Release|Any CPU.Build.0 = Release|Any CPU
		{E0CF7C14-8BB4-4876-956B-EFCA1E2D54DD}.Debug|Any CPU.ActiveCfg = Debug|Any CPU
		{E0CF7C14-8BB4-4876-956B-EFCA1E2D54DD}.Debug|Any CPU.Build.0 = Debug|Any CPU
		{E0CF7C14-8BB4-4876-956B-EFCA1E2D54DD}.Release|Any CPU.ActiveCfg = Release|Any CPU
		{E0CF7C14-8BB4-4876-956B-EFCA1E2D54DD}.Release|Any CPU.Build.0 = Release|Any CPU
		{01C6A1AA-F918-479F-8999-68914EA4BFD4}.Debug|Any CPU.ActiveCfg = Debug|Any CPU
		{01C6A1AA-F918-479F-8999-68914EA4BFD4}.Debug|Any CPU.Build.0 = Debug|Any CPU
		{01C6A1AA-F918-479F-8999-68914EA4BFD4}.Release|Any CPU.ActiveCfg = Release|Any CPU
		{01C6A1AA-F918-479F-8999-68914EA4BFD4}.Release|Any CPU.Build.0 = Release|Any CPU
		{E5987502-B300-4583-8215-FEF03FDCC1F0}.Debug|Any CPU.ActiveCfg = Debug|Any CPU
		{E5987502-B300-4583-8215-FEF03FDCC1F0}.Debug|Any CPU.Build.0 = Debug|Any CPU
		{E5987502-B300-4583-8215-FEF03FDCC1F0}.Release|Any CPU.ActiveCfg = Release|Any CPU
		{E5987502-B300-4583-8215-FEF03FDCC1F0}.Release|Any CPU.Build.0 = Release|Any CPU
		{07766570-2066-46C9-86D9-DB48FCABC72F}.Debug|Any CPU.ActiveCfg = Debug|Any CPU
		{07766570-2066-46C9-86D9-DB48FCABC72F}.Debug|Any CPU.Build.0 = Debug|Any CPU
		{07766570-2066-46C9-86D9-DB48FCABC72F}.Release|Any CPU.ActiveCfg = Release|Any CPU
		{07766570-2066-46C9-86D9-DB48FCABC72F}.Release|Any CPU.Build.0 = Release|Any CPU
		{9B353B29-7D9A-4E3C-87AE-F45391CA3E67}.Debug|Any CPU.ActiveCfg = Debug|Any CPU
		{9B353B29-7D9A-4E3C-87AE-F45391CA3E67}.Debug|Any CPU.Build.0 = Debug|Any CPU
		{9B353B29-7D9A-4E3C-87AE-F45391CA3E67}.Release|Any CPU.ActiveCfg = Release|Any CPU
		{9B353B29-7D9A-4E3C-87AE-F45391CA3E67}.Release|Any CPU.Build.0 = Release|Any CPU
		{2309D2E6-F734-4BD0-8152-C162038FEEC3}.Debug|Any CPU.ActiveCfg = Debug|Any CPU
		{2309D2E6-F734-4BD0-8152-C162038FEEC3}.Debug|Any CPU.Build.0 = Debug|Any CPU
		{2309D2E6-F734-4BD0-8152-C162038FEEC3}.Release|Any CPU.ActiveCfg = Release|Any CPU
		{2309D2E6-F734-4BD0-8152-C162038FEEC3}.Release|Any CPU.Build.0 = Release|Any CPU
		{6F0EFF86-0CD8-4E2E-8B07-A409BE2A3D58}.Debug|Any CPU.ActiveCfg = Debug|Any CPU
		{6F0EFF86-0CD8-4E2E-8B07-A409BE2A3D58}.Debug|Any CPU.Build.0 = Debug|Any CPU
		{6F0EFF86-0CD8-4E2E-8B07-A409BE2A3D58}.Release|Any CPU.ActiveCfg = Release|Any CPU
		{6F0EFF86-0CD8-4E2E-8B07-A409BE2A3D58}.Release|Any CPU.Build.0 = Release|Any CPU
		{D749EC19-8529-4900-84BA-BA273F415DAB}.Debug|Any CPU.ActiveCfg = Debug|Any CPU
		{D749EC19-8529-4900-84BA-BA273F415DAB}.Debug|Any CPU.Build.0 = Debug|Any CPU
		{D749EC19-8529-4900-84BA-BA273F415DAB}.Release|Any CPU.ActiveCfg = Release|Any CPU
		{D749EC19-8529-4900-84BA-BA273F415DAB}.Release|Any CPU.Build.0 = Release|Any CPU
		{2A7B3908-F5A3-4638-8ACE-F1BF24CFDDA4}.Debug|Any CPU.ActiveCfg = Debug|Any CPU
		{2A7B3908-F5A3-4638-8ACE-F1BF24CFDDA4}.Debug|Any CPU.Build.0 = Debug|Any CPU
		{2A7B3908-F5A3-4638-8ACE-F1BF24CFDDA4}.Release|Any CPU.ActiveCfg = Release|Any CPU
		{2A7B3908-F5A3-4638-8ACE-F1BF24CFDDA4}.Release|Any CPU.Build.0 = Release|Any CPU
		{9E2DB061-7B18-404A-BA75-CA65A4BE314E}.Debug|Any CPU.ActiveCfg = Debug|Any CPU
		{9E2DB061-7B18-404A-BA75-CA65A4BE314E}.Debug|Any CPU.Build.0 = Debug|Any CPU
		{9E2DB061-7B18-404A-BA75-CA65A4BE314E}.Release|Any CPU.ActiveCfg = Release|Any CPU
		{9E2DB061-7B18-404A-BA75-CA65A4BE314E}.Release|Any CPU.Build.0 = Release|Any CPU
		{93778F21-FAE4-42FE-AC8D-1D2975E67D5F}.Debug|Any CPU.ActiveCfg = Debug|Any CPU
		{93778F21-FAE4-42FE-AC8D-1D2975E67D5F}.Debug|Any CPU.Build.0 = Debug|Any CPU
		{93778F21-FAE4-42FE-AC8D-1D2975E67D5F}.Release|Any CPU.ActiveCfg = Release|Any CPU
		{93778F21-FAE4-42FE-AC8D-1D2975E67D5F}.Release|Any CPU.Build.0 = Release|Any CPU
		{D667C34A-406A-40F3-B39B-F234CB91CD24}.Debug|Any CPU.ActiveCfg = Debug|Any CPU
		{D667C34A-406A-40F3-B39B-F234CB91CD24}.Debug|Any CPU.Build.0 = Debug|Any CPU
		{D667C34A-406A-40F3-B39B-F234CB91CD24}.Release|Any CPU.ActiveCfg = Release|Any CPU
		{D667C34A-406A-40F3-B39B-F234CB91CD24}.Release|Any CPU.Build.0 = Release|Any CPU
		{129E7D6F-D2A9-4E7A-B03F-378E631813CB}.Debug|Any CPU.ActiveCfg = Debug|Any CPU
		{129E7D6F-D2A9-4E7A-B03F-378E631813CB}.Debug|Any CPU.Build.0 = Debug|Any CPU
		{129E7D6F-D2A9-4E7A-B03F-378E631813CB}.Release|Any CPU.ActiveCfg = Release|Any CPU
		{129E7D6F-D2A9-4E7A-B03F-378E631813CB}.Release|Any CPU.Build.0 = Release|Any CPU
		{713C3219-82C4-489B-9D0C-3400D02F1AA8}.Debug|Any CPU.ActiveCfg = Debug|Any CPU
		{713C3219-82C4-489B-9D0C-3400D02F1AA8}.Debug|Any CPU.Build.0 = Debug|Any CPU
		{713C3219-82C4-489B-9D0C-3400D02F1AA8}.Release|Any CPU.ActiveCfg = Release|Any CPU
		{713C3219-82C4-489B-9D0C-3400D02F1AA8}.Release|Any CPU.Build.0 = Release|Any CPU
		{222D6A99-021E-40FF-AABE-E0653D7B719A}.Debug|Any CPU.ActiveCfg = Debug|Any CPU
		{222D6A99-021E-40FF-AABE-E0653D7B719A}.Debug|Any CPU.Build.0 = Debug|Any CPU
		{222D6A99-021E-40FF-AABE-E0653D7B719A}.Release|Any CPU.ActiveCfg = Release|Any CPU
		{222D6A99-021E-40FF-AABE-E0653D7B719A}.Release|Any CPU.Build.0 = Release|Any CPU
		{456B8693-1172-4C2C-9547-0F377BEE9E9B}.Debug|Any CPU.ActiveCfg = Debug|Any CPU
		{456B8693-1172-4C2C-9547-0F377BEE9E9B}.Debug|Any CPU.Build.0 = Debug|Any CPU
		{456B8693-1172-4C2C-9547-0F377BEE9E9B}.Release|Any CPU.ActiveCfg = Release|Any CPU
		{456B8693-1172-4C2C-9547-0F377BEE9E9B}.Release|Any CPU.Build.0 = Release|Any CPU
		{89128DB2-8A0C-4241-A692-F9AB710DB7D1}.Debug|Any CPU.ActiveCfg = Debug|Any CPU
		{89128DB2-8A0C-4241-A692-F9AB710DB7D1}.Debug|Any CPU.Build.0 = Debug|Any CPU
		{89128DB2-8A0C-4241-A692-F9AB710DB7D1}.Release|Any CPU.ActiveCfg = Release|Any CPU
		{89128DB2-8A0C-4241-A692-F9AB710DB7D1}.Release|Any CPU.Build.0 = Release|Any CPU
		{BFDA7F3F-7675-476A-B3C1-6063AEEE41AF}.Debug|Any CPU.ActiveCfg = Debug|Any CPU
		{BFDA7F3F-7675-476A-B3C1-6063AEEE41AF}.Debug|Any CPU.Build.0 = Debug|Any CPU
		{BFDA7F3F-7675-476A-B3C1-6063AEEE41AF}.Release|Any CPU.ActiveCfg = Release|Any CPU
		{BFDA7F3F-7675-476A-B3C1-6063AEEE41AF}.Release|Any CPU.Build.0 = Release|Any CPU
		{5AEEF1C1-E7A4-4E75-8B75-528B81BA7EC4}.Debug|Any CPU.ActiveCfg = Debug|Any CPU
		{5AEEF1C1-E7A4-4E75-8B75-528B81BA7EC4}.Debug|Any CPU.Build.0 = Debug|Any CPU
		{5AEEF1C1-E7A4-4E75-8B75-528B81BA7EC4}.Release|Any CPU.ActiveCfg = Release|Any CPU
		{5AEEF1C1-E7A4-4E75-8B75-528B81BA7EC4}.Release|Any CPU.Build.0 = Release|Any CPU
		{033D8412-90D6-4571-B6D7-5E8763427E29}.Debug|Any CPU.ActiveCfg = Debug|Any CPU
		{033D8412-90D6-4571-B6D7-5E8763427E29}.Debug|Any CPU.Build.0 = Debug|Any CPU
		{033D8412-90D6-4571-B6D7-5E8763427E29}.Release|Any CPU.ActiveCfg = Release|Any CPU
		{033D8412-90D6-4571-B6D7-5E8763427E29}.Release|Any CPU.Build.0 = Release|Any CPU
		{6759A110-62F6-4529-950F-7D20AC87761C}.Debug|Any CPU.ActiveCfg = Debug|Any CPU
		{6759A110-62F6-4529-950F-7D20AC87761C}.Debug|Any CPU.Build.0 = Debug|Any CPU
		{6759A110-62F6-4529-950F-7D20AC87761C}.Release|Any CPU.ActiveCfg = Release|Any CPU
		{6759A110-62F6-4529-950F-7D20AC87761C}.Release|Any CPU.Build.0 = Release|Any CPU
		{EFEF5AA7-BEEF-4681-B856-970EBCB31A19}.Debug|Any CPU.ActiveCfg = Debug|Any CPU
		{EFEF5AA7-BEEF-4681-B856-970EBCB31A19}.Debug|Any CPU.Build.0 = Debug|Any CPU
		{EFEF5AA7-BEEF-4681-B856-970EBCB31A19}.Release|Any CPU.ActiveCfg = Release|Any CPU
		{EFEF5AA7-BEEF-4681-B856-970EBCB31A19}.Release|Any CPU.Build.0 = Release|Any CPU
		{151F59DF-8059-4A06-8595-B8DFACD7701D}.Debug|Any CPU.ActiveCfg = Debug|Any CPU
		{151F59DF-8059-4A06-8595-B8DFACD7701D}.Debug|Any CPU.Build.0 = Debug|Any CPU
		{151F59DF-8059-4A06-8595-B8DFACD7701D}.Release|Any CPU.ActiveCfg = Release|Any CPU
		{151F59DF-8059-4A06-8595-B8DFACD7701D}.Release|Any CPU.Build.0 = Release|Any CPU
		{145ED87D-974D-4610-8A3E-75E85A42430C}.Debug|Any CPU.ActiveCfg = Debug|Any CPU
		{145ED87D-974D-4610-8A3E-75E85A42430C}.Debug|Any CPU.Build.0 = Debug|Any CPU
		{145ED87D-974D-4610-8A3E-75E85A42430C}.Release|Any CPU.ActiveCfg = Release|Any CPU
		{145ED87D-974D-4610-8A3E-75E85A42430C}.Release|Any CPU.Build.0 = Release|Any CPU
	EndGlobalSection
	GlobalSection(SolutionProperties) = preSolution
		HideSolutionNode = FALSE
	EndGlobalSection
	GlobalSection(NestedProjects) = preSolution
		{D9D203E3-1480-4FD3-ACCB-3300B3333905} = {9C236CFF-981B-4B20-A336-2B0B09869516}
		{48058BE4-1FA5-4B7E-8A63-CA02970C00D8} = {9C236CFF-981B-4B20-A336-2B0B09869516}
		{1C1F7A53-75A9-484D-A869-AB3B11160922} = {22A90129-0990-4B08-B8AA-5578C0F19A99}
		{2B8977A9-0B51-4977-871F-6AFAE6539AF3} = {9C236CFF-981B-4B20-A336-2B0B09869516}
		{F22F2E32-112F-4146-893C-52C6A0C9908E} = {9C236CFF-981B-4B20-A336-2B0B09869516}
		{D72F0613-2022-46F8-8CF3-F0668A9764FA} = {9C236CFF-981B-4B20-A336-2B0B09869516}
		{D6A57A2F-C4B2-4D67-B56A-C103ABF9E28C} = {22A90129-0990-4B08-B8AA-5578C0F19A99}
		{34FBBDF9-CADC-490D-A2C3-395224B8FA5E} = {22A90129-0990-4B08-B8AA-5578C0F19A99}
		{EE388BA6-18EE-4D1A-A4F8-F75675CF4BD7} = {22A90129-0990-4B08-B8AA-5578C0F19A99}
		{D2FDCD37-CA5E-4558-B723-4DD8905860EF} = {9C236CFF-981B-4B20-A336-2B0B09869516}
		{98CAC6ED-A09E-4834-9FD6-A9D6A1F1E1E0} = {9C236CFF-981B-4B20-A336-2B0B09869516}
		{08697DC9-9B9B-40D2-B2AD-B5DB9F003037} = {9C236CFF-981B-4B20-A336-2B0B09869516}
		{7AF2E4BF-783E-49DF-A00E-CD4EA36AAD84} = {D81AAB52-F512-43C1-A56F-54174F925CF0}
		{C03B4255-C253-45BD-8DD9-D0C6E283E388} = {D81AAB52-F512-43C1-A56F-54174F925CF0}
		{B772E6FD-7EFC-4DFE-8EBA-525C97C7DDD1} = {D81AAB52-F512-43C1-A56F-54174F925CF0}
		{2752440A-61CC-465A-BF78-CAD2B1248609} = {23289A0A-D98E-4EE3-BB8A-C1F3D6C2B443}
		{3D5A3D88-E50D-4610-8E20-6817B3F63E8C} = {23289A0A-D98E-4EE3-BB8A-C1F3D6C2B443}
		{7D6591D3-D27F-4BFD-8D03-075516D47C07} = {23289A0A-D98E-4EE3-BB8A-C1F3D6C2B443}
		{0BE23DAC-03BA-4C81-8CC8-30EBE1FAA7E5} = {686CF1F2-209F-424C-9F34-BED66AD58721}
		{EB82E67B-179C-4ECF-AD19-8147DB21344D} = {686CF1F2-209F-424C-9F34-BED66AD58721}
		{B8C61BF1-E91C-4ACE-9E96-09402841AB17} = {686CF1F2-209F-424C-9F34-BED66AD58721}
		{F2E63557-3627-487F-B0C8-945E3DB116C5} = {686CF1F2-209F-424C-9F34-BED66AD58721}
		{2153A24D-E824-4D9D-932B-568E24204EC3} = {686CF1F2-209F-424C-9F34-BED66AD58721}
		{E0CF7C14-8BB4-4876-956B-EFCA1E2D54DD} = {686CF1F2-209F-424C-9F34-BED66AD58721}
		{01C6A1AA-F918-479F-8999-68914EA4BFD4} = {686CF1F2-209F-424C-9F34-BED66AD58721}
		{E5987502-B300-4583-8215-FEF03FDCC1F0} = {686CF1F2-209F-424C-9F34-BED66AD58721}
		{07766570-2066-46C9-86D9-DB48FCABC72F} = {686CF1F2-209F-424C-9F34-BED66AD58721}
		{9B353B29-7D9A-4E3C-87AE-F45391CA3E67} = {686CF1F2-209F-424C-9F34-BED66AD58721}
		{2309D2E6-F734-4BD0-8152-C162038FEEC3} = {85D0B39C-1C2F-4673-A356-6827DAACA2AC}
		{6F0EFF86-0CD8-4E2E-8B07-A409BE2A3D58} = {85D0B39C-1C2F-4673-A356-6827DAACA2AC}
		{D749EC19-8529-4900-84BA-BA273F415DAB} = {85D0B39C-1C2F-4673-A356-6827DAACA2AC}
		{2A7B3908-F5A3-4638-8ACE-F1BF24CFDDA4} = {85D0B39C-1C2F-4673-A356-6827DAACA2AC}
		{9E2DB061-7B18-404A-BA75-CA65A4BE314E} = {85D0B39C-1C2F-4673-A356-6827DAACA2AC}
		{93778F21-FAE4-42FE-AC8D-1D2975E67D5F} = {85D0B39C-1C2F-4673-A356-6827DAACA2AC}
		{D667C34A-406A-40F3-B39B-F234CB91CD24} = {85D0B39C-1C2F-4673-A356-6827DAACA2AC}
		{129E7D6F-D2A9-4E7A-B03F-378E631813CB} = {85D0B39C-1C2F-4673-A356-6827DAACA2AC}
		{713C3219-82C4-489B-9D0C-3400D02F1AA8} = {EBE3CEB1-2DCD-4960-8DDC-1EB3915C2C5D}
		{222D6A99-021E-40FF-AABE-E0653D7B719A} = {EBE3CEB1-2DCD-4960-8DDC-1EB3915C2C5D}
		{456B8693-1172-4C2C-9547-0F377BEE9E9B} = {EBE3CEB1-2DCD-4960-8DDC-1EB3915C2C5D}
		{89128DB2-8A0C-4241-A692-F9AB710DB7D1} = {EBE3CEB1-2DCD-4960-8DDC-1EB3915C2C5D}
		{BFDA7F3F-7675-476A-B3C1-6063AEEE41AF} = {EBE3CEB1-2DCD-4960-8DDC-1EB3915C2C5D}
		{5AEEF1C1-E7A4-4E75-8B75-528B81BA7EC4} = {EBE3CEB1-2DCD-4960-8DDC-1EB3915C2C5D}
		{033D8412-90D6-4571-B6D7-5E8763427E29} = {EBE3CEB1-2DCD-4960-8DDC-1EB3915C2C5D}
		{6759A110-62F6-4529-950F-7D20AC87761C} = {EBE3CEB1-2DCD-4960-8DDC-1EB3915C2C5D}
		{EFEF5AA7-BEEF-4681-B856-970EBCB31A19} = {EBE3CEB1-2DCD-4960-8DDC-1EB3915C2C5D}
		{151F59DF-8059-4A06-8595-B8DFACD7701D} = {EBE3CEB1-2DCD-4960-8DDC-1EB3915C2C5D}
		{145ED87D-974D-4610-8A3E-75E85A42430C} = {EBE3CEB1-2DCD-4960-8DDC-1EB3915C2C5D}
	EndGlobalSection
	GlobalSection(ExtensibilityGlobals) = postSolution
		SolutionGuid = {7C730EFF-7960-4F2C-A096-085067AE339F}
	EndGlobalSection
EndGlobal
