
Microsoft Visual Studio Solution File, Format Version 12.00
# Visual Studio Version 17
VisualStudioVersion = 17.8.34511.84
MinimumVisualStudioVersion = 10.0.40219.1
Project("{2150E333-8FDC-42A3-9474-1A3956D46DE8}") = "DataTypes", "DataTypes", "{9C236CFF-981B-4B20-A336-2B0B09869516}"
EndProject
Project("{9A19103F-16F7-4668-BE54-9A1E7A4F7556}") = "BooleanLogicalOperators", "DataTypes\BooleanLogicalOperators\BooleanLogicalOperators.csproj", "{2B8977A9-0B51-4977-871F-6AFAE6539AF3}"
EndProject
Project("{9A19103F-16F7-4668-BE54-9A1E7A4F7556}") = "BitwiseOperator", "DataTypes\BitwiseOperator\BitwiseOperator.csproj", "{F22F2E32-112F-4146-893C-52C6A0C9908E}"
EndProject
Project("{9A19103F-16F7-4668-BE54-9A1E7A4F7556}") = "WorkingWithFlags", "WorkingWithFlags\WorkingWithFlags.csproj", "{D72F0613-2022-46F8-8CF3-F0668A9764FA}"
EndProject
Project("{9A19103F-16F7-4668-BE54-9A1E7A4F7556}") = "NumbersLogicalOperators", "DataTypes\NumbersLogicalOperators\NumbersLogicalOperators.csproj", "{D2FDCD37-CA5E-4558-B723-4DD8905860EF}"
EndProject
Project("{9A19103F-16F7-4668-BE54-9A1E7A4F7556}") = "DataComparisonEquality", "DataTypes\DataComparison\DataComparisonEquality.csproj", "{98CAC6ED-A09E-4834-9FD6-A9D6A1F1E1E0}"
EndProject
Project("{9A19103F-16F7-4668-BE54-9A1E7A4F7556}") = "DataComparisionOperators", "DataTypes\DataComparisionOperators\DataComparisionOperators.csproj", "{08697DC9-9B9B-40D2-B2AD-B5DB9F003037}"
EndProject
Project("{2150E333-8FDC-42A3-9474-1A3956D46DE8}") = "Lesson_Main", "Lesson_Main", "{D81AAB52-F512-43C1-A56F-54174F925CF0}"
EndProject
Project("{9A19103F-16F7-4668-BE54-9A1E7A4F7556}") = "001_MainMethod", "Lesson_Main\001_MainMethod\001_MainMethod.csproj", "{7AF2E4BF-783E-49DF-A00E-CD4EA36AAD84}"
EndProject
Project("{9A19103F-16F7-4668-BE54-9A1E7A4F7556}") = "002_MainMethod", "Lesson_Main\002_MainMethod\002_MainMethod.csproj", "{C03B4255-C253-45BD-8DD9-D0C6E283E388}"
EndProject
Project("{2150E333-8FDC-42A3-9474-1A3956D46DE8}") = "Lesson_Console", "Lesson_Console", "{23289A0A-D98E-4EE3-BB8A-C1F3D6C2B443}"
EndProject
Project("{9A19103F-16F7-4668-BE54-9A1E7A4F7556}") = "003_MainMethod", "Lesson_Main\003_MainMethod\003_MainMethod.csproj", "{B772E6FD-7EFC-4DFE-8EBA-525C97C7DDD1}"
EndProject
Project("{9A19103F-16F7-4668-BE54-9A1E7A4F7556}") = "001_Console", "Lesson_Console\001_Console\001_Console.csproj", "{2752440A-61CC-465A-BF78-CAD2B1248609}"
EndProject
Project("{9A19103F-16F7-4668-BE54-9A1E7A4F7556}") = "002_Console", "Lesson_Console\002_Console\002_Console.csproj", "{3D5A3D88-E50D-4610-8E20-6817B3F63E8C}"
EndProject
Project("{9A19103F-16F7-4668-BE54-9A1E7A4F7556}") = "003_Console", "Lesson_Console\003_Console\003_Console.csproj", "{7D6591D3-D27F-4BFD-8D03-075516D47C07}"
EndProject
Project("{2150E333-8FDC-42A3-9474-1A3956D46DE8}") = "Lesson_Basic_Data_Types", "Lesson_Basic_Data_Types", "{686CF1F2-209F-424C-9F34-BED66AD58721}"
EndProject
Project("{9A19103F-16F7-4668-BE54-9A1E7A4F7556}") = "001_Basic_Data_Types", "Lesson_Basic_Data_Types\001_Basic_Data_Types\001_Basic_Data_Types.csproj", "{0BE23DAC-03BA-4C81-8CC8-30EBE1FAA7E5}"
EndProject
Project("{9A19103F-16F7-4668-BE54-9A1E7A4F7556}") = "002_Basic_Data_Types", "Lesson_Basic_Data_Types\002_Basic_Data_Types\002_Basic_Data_Types.csproj", "{EB82E67B-179C-4ECF-AD19-8147DB21344D}"
EndProject
Project("{9A19103F-16F7-4668-BE54-9A1E7A4F7556}") = "003_Basic_Data_Types", "Lesson_Basic_Data_Types\003_Basic_Data_Types\003_Basic_Data_Types.csproj", "{B8C61BF1-E91C-4ACE-9E96-09402841AB17}"
EndProject
Project("{9A19103F-16F7-4668-BE54-9A1E7A4F7556}") = "004_Basic_Data_Types", "Lesson_Basic_Data_Types\004_Basic_Data_Types\004_Basic_Data_Types.csproj", "{F2E63557-3627-487F-B0C8-945E3DB116C5}"
EndProject
Project("{9A19103F-16F7-4668-BE54-9A1E7A4F7556}") = "005_Basic_Data_Types", "Lesson_Basic_Data_Types\005_Basic_Data_Types\005_Basic_Data_Types.csproj", "{2153A24D-E824-4D9D-932B-568E24204EC3}"
EndProject
Project("{9A19103F-16F7-4668-BE54-9A1E7A4F7556}") = "006_Basic_Data_Types", "Lesson_Basic_Data_Types\006_Basic_Data_Types\006_Basic_Data_Types.csproj", "{E0CF7C14-8BB4-4876-956B-EFCA1E2D54DD}"
EndProject
Project("{9A19103F-16F7-4668-BE54-9A1E7A4F7556}") = "007_Basic_Data_Types", "Lesson_Basic_Data_Types\007_Basic_Data_Types\007_Basic_Data_Types.csproj", "{01C6A1AA-F918-479F-8999-68914EA4BFD4}"
EndProject
Project("{9A19103F-16F7-4668-BE54-9A1E7A4F7556}") = "009_Basic_Data_Types", "Lesson_Basic_Data_Types\009_Basic_Data_Types\009_Basic_Data_Types.csproj", "{07766570-2066-46C9-86D9-DB48FCABC72F}"
EndProject
Project("{2150E333-8FDC-42A3-9474-1A3956D46DE8}") = "Lesson_Arithmetic_Operations", "Lesson_Arithmetic_Operations", "{85D0B39C-1C2F-4673-A356-6827DAACA2AC}"
EndProject
Project("{9A19103F-16F7-4668-BE54-9A1E7A4F7556}") = "001_Arithmetic_Operations", "Lesson_Arithmetic_Operations\001_Arithmetic_Operations\001_Arithmetic_Operations.csproj", "{2309D2E6-F734-4BD0-8152-C162038FEEC3}"
EndProject
Project("{9A19103F-16F7-4668-BE54-9A1E7A4F7556}") = "002_Arithmetic_Operations", "Lesson_Arithmetic_Operations\002_Arithmetic_Operations\002_Arithmetic_Operations.csproj", "{6F0EFF86-0CD8-4E2E-8B07-A409BE2A3D58}"
EndProject
Project("{9A19103F-16F7-4668-BE54-9A1E7A4F7556}") = "003_Arithmetic_Operations", "Lesson_Arithmetic_Operations\003_Arithmetic_Operations\003_Arithmetic_Operations.csproj", "{D749EC19-8529-4900-84BA-BA273F415DAB}"
EndProject
Project("{9A19103F-16F7-4668-BE54-9A1E7A4F7556}") = "004_Arithmetic_Operations", "Lesson_Arithmetic_Operations\004_Arithmetic_Operations\004_Arithmetic_Operations.csproj", "{2A7B3908-F5A3-4638-8ACE-F1BF24CFDDA4}"
EndProject
Project("{9A19103F-16F7-4668-BE54-9A1E7A4F7556}") = "005_Arithmetic_Operations", "Lesson_Arithmetic_Operations\005_Arithmetic_Operations\005_Arithmetic_Operations.csproj", "{9E2DB061-7B18-404A-BA75-CA65A4BE314E}"
EndProject
Project("{9A19103F-16F7-4668-BE54-9A1E7A4F7556}") = "006_Arithmetic_Operations", "Lesson_Arithmetic_Operations\006_Arithmetic_Operations\006_Arithmetic_Operations.csproj", "{93778F21-FAE4-42FE-AC8D-1D2975E67D5F}"
EndProject
Project("{9A19103F-16F7-4668-BE54-9A1E7A4F7556}") = "007_Arithmetic_Operations", "Lesson_Arithmetic_Operations\007_Arithmetic_Operations\007_Arithmetic_Operations.csproj", "{D667C34A-406A-40F3-B39B-F234CB91CD24}"
EndProject
Project("{2150E333-8FDC-42A3-9474-1A3956D46DE8}") = "Lesson_Working_With_String_Data", "Lesson_Working_With_String_Data", "{EBE3CEB1-2DCD-4960-8DDC-1EB3915C2C5D}"
EndProject
Project("{9A19103F-16F7-4668-BE54-9A1E7A4F7556}") = "001_Working_With_String", "Lesson_Working_With_String_Data\001_Working_With_String\001_Working_With_String.csproj", "{713C3219-82C4-489B-9D0C-3400D02F1AA8}"
EndProject
Project("{9A19103F-16F7-4668-BE54-9A1E7A4F7556}") = "002_Working_With_String", "Lesson_Working_With_String_Data\002_Working_With_String\002_Working_With_String.csproj", "{222D6A99-021E-40FF-AABE-E0653D7B719A}"
EndProject
Project("{9A19103F-16F7-4668-BE54-9A1E7A4F7556}") = "003_Working_With_String", "Lesson_Working_With_String_Data\003_Working_With_String\003_Working_With_String.csproj", "{456B8693-1172-4C2C-9547-0F377BEE9E9B}"
EndProject
Project("{9A19103F-16F7-4668-BE54-9A1E7A4F7556}") = "004_Working_With_String", "Lesson_Working_With_String_Data\004_Working_With_String\004_Working_With_String.csproj", "{89128DB2-8A0C-4241-A692-F9AB710DB7D1}"
EndProject
Project("{9A19103F-16F7-4668-BE54-9A1E7A4F7556}") = "006_Working_With_String", "Lesson_Working_With_String_Data\006_Working_With_String\006_Working_With_String.csproj", "{5AEEF1C1-E7A4-4E75-8B75-528B81BA7EC4}"
EndProject
Project("{9A19103F-16F7-4668-BE54-9A1E7A4F7556}") = "007_Working_With_String", "Lesson_Working_With_String_Data\007_Working_With_String\007_Working_With_String.csproj", "{033D8412-90D6-4571-B6D7-5E8763427E29}"
EndProject
Project("{9A19103F-16F7-4668-BE54-9A1E7A4F7556}") = "008_Working_With_String", "Lesson_Working_With_String_Data\008_Working_With_String\008_Working_With_String.csproj", "{6759A110-62F6-4529-950F-7D20AC87761C}"
EndProject
Project("{9A19103F-16F7-4668-BE54-9A1E7A4F7556}") = "009_Working_With_String", "Lesson_Working_With_String_Data\009_Working_With_String\009_Working_With_String.csproj", "{EFEF5AA7-BEEF-4681-B856-970EBCB31A19}"
EndProject
Project("{9A19103F-16F7-4668-BE54-9A1E7A4F7556}") = "010_Working_With_String", "Lesson_Working_With_String_Data\010_Working_With_String\010_Working_With_String.csproj", "{151F59DF-8059-4A06-8595-B8DFACD7701D}"
EndProject
Project("{9A19103F-16F7-4668-BE54-9A1E7A4F7556}") = "011_Working_With_String", "Lesson_Working_With_String_Data\011_Working_With_String\011_Working_With_String.csproj", "{145ED87D-974D-4610-8A3E-75E85A42430C}"
EndProject
Project("{2150E333-8FDC-42A3-9474-1A3956D46DE8}") = "Lesson_Data_Type_Conversions", "Lesson_Data_Type_Conversions", "{78314AAD-9453-4116-8F8B-6D36439559C4}"
EndProject
Project("{9A19103F-16F7-4668-BE54-9A1E7A4F7556}") = "001_Data_Type_Conversions", "Lesson_Data_Type_Conversions\001_Data_Type_Conversions\001_Data_Type_Conversions.csproj", "{5915C4D1-0542-46C5-B4E8-D4B818397E3B}"
EndProject
Project("{9A19103F-16F7-4668-BE54-9A1E7A4F7556}") = "002_Data_Type_Conversions", "Lesson_Data_Type_Conversions\002_Data_Type_Conversions\002_Data_Type_Conversions.csproj", "{7832BDE1-6966-4C07-91A4-06BF10AD4AB7}"
EndProject
Project("{9A19103F-16F7-4668-BE54-9A1E7A4F7556}") = "003_Data_Type_Conversions", "Lesson_Data_Type_Conversions\003_Data_Type_Conversions\003_Data_Type_Conversions.csproj", "{BBE90D54-F34F-414B-8F75-C8CBF06D25F0}"
EndProject
Project("{9A19103F-16F7-4668-BE54-9A1E7A4F7556}") = "004_Data_Type_Conversions", "Lesson_Data_Type_Conversions\004_Data_Type_Conversions\004_Data_Type_Conversions.csproj", "{445F4578-A9CF-4248-82B8-E488A5DE0A52}"
EndProject
Project("{9A19103F-16F7-4668-BE54-9A1E7A4F7556}") = "005_Data_Type_Conversions", "Lesson_Data_Type_Conversions\005_Data_Type_Conversions\005_Data_Type_Conversions.csproj", "{D902C1C2-9650-4AEC-8A56-E7DB8FA04194}"
EndProject
Project("{9A19103F-16F7-4668-BE54-9A1E7A4F7556}") = "006_Data_Type_Conversions", "Lesson_Data_Type_Conversions\006_Data_Type_Conversions\006_Data_Type_Conversions.csproj", "{FEDAC717-A8EC-4284-86F5-5FF237373753}"
EndProject
Project("{9A19103F-16F7-4668-BE54-9A1E7A4F7556}") = "008_Arithmetic_Operations", "Lesson_Arithmetic_Operations\008_Arithmetic_Operations\008_Arithmetic_Operations.csproj", "{9043A6B5-BA59-4295-8C9A-6F7997C803E3}"
EndProject
Project("{9A19103F-16F7-4668-BE54-9A1E7A4F7556}") = "008_Basic_Data_Types", "Lesson_Basic_Data_Types\008_Basic_Data_Types\008_Basic_Data_Types.csproj", "{AF081A7A-E495-46A5-B4A6-A0A16AFE85C2}"
EndProject
Project("{9A19103F-16F7-4668-BE54-9A1E7A4F7556}") = "010_Basic_Data_Types", "Lesson_Basic_Data_Types\010_Basic_Data_Types\010_Basic_Data_Types.csproj", "{4B4D50E1-A73E-4DB4-AD16-1C18529E8E7F}"
EndProject
Project("{9A19103F-16F7-4668-BE54-9A1E7A4F7556}") = "005_Working_With_String", "Lesson_Working_With_String_Data\005_Working_With_String\005_Working_With_String.csproj", "{C5A9478D-8E14-43DB-9256-FC3E128BA261}"
EndProject
Project("{9A19103F-16F7-4668-BE54-9A1E7A4F7556}") = "007_Data_Type_Conversions", "Lesson_Data_Type_Conversions\007_Data_Type_Conversions\007_Data_Type_Conversions.csproj", "{067CB4BB-0A30-4BF6-ACEB-C37910D44A91}"
EndProject
Project("{9A19103F-16F7-4668-BE54-9A1E7A4F7556}") = "011_Basic_Data_Types", "Lesson_Basic_Data_Types\011_Basic_Data_Types\011_Basic_Data_Types.csproj", "{F459A58D-544D-4EC9-9938-93C31F682886}"
EndProject
Project("{9A19103F-16F7-4668-BE54-9A1E7A4F7556}") = "008_Data_Type_Conversions", "Lesson_Data_Type_Conversions\008_Data_Type_Conversions\008_Data_Type_Conversions.csproj", "{2084780D-F688-4EA8-A8CA-EAA6DC86683F}"
EndProject
Project("{9A19103F-16F7-4668-BE54-9A1E7A4F7556}") = "009_Data_Type_Conversions", "Lesson_Data_Type_Conversions\009_Data_Type_Conversions\009_Data_Type_Conversions.csproj", "{FDF73E07-8F24-44E0-B2D4-4E3441FC52D0}"
EndProject
Project("{9A19103F-16F7-4668-BE54-9A1E7A4F7556}") = "010_Data_Type_Conversions", "Lesson_Data_Type_Conversions\010_Data_Type_Conversions\010_Data_Type_Conversions.csproj", "{786E2A9D-F463-45DD-8586-B9EBAB93F7A2}"
EndProject
Project("{9A19103F-16F7-4668-BE54-9A1E7A4F7556}") = "011_Data_Type_Conversions", "Lesson_Data_Type_Conversions\011_Data_Type_Conversions\011_Data_Type_Conversions.csproj", "{57139643-4CBD-4DB4-ABBE-A40E45C8474F}"
EndProject
Project("{9A19103F-16F7-4668-BE54-9A1E7A4F7556}") = "012_Data_Type_Conversions", "Lesson_Data_Type_Conversions\012_Data_Type_Conversions\012_Data_Type_Conversions.csproj", "{54516373-ECB5-44DC-B4E7-A4BDED274320}"
EndProject
Project("{2150E333-8FDC-42A3-9474-1A3956D46DE8}") = "Lesson_Implicitly_Typed_Local_Variables", "Lesson_Implicitly_Typed_Local_Variables", "{7826580B-9722-400D-9A7F-2026ADA3AFA4}"
EndProject
Project("{9A19103F-16F7-4668-BE54-9A1E7A4F7556}") = "001_Implicitly_Typed_Local_Variables", "Lesson_Implicitly_Typed_Local_Variables\001_Implicitly_Typed_Local_Variables\001_Implicitly_Typed_Local_Variables.csproj", "{86FD8E54-A46E-4F88-A259-FA866D02C4CB}"
EndProject
Project("{2150E333-8FDC-42A3-9474-1A3956D46DE8}") = "Lesson_Loops_And_Iterations", "Lesson_Loops_And_Iterations", "{8A43900F-01A5-4E7C-9D78-A608FC7AAA80}"
EndProject
Project("{9A19103F-16F7-4668-BE54-9A1E7A4F7556}") = "001_Loops_And_Iterations", "Lesson_Loops_And_Iterations\001_Loops_And_Iterations\001_Loops_And_Iterations.csproj", "{865F36EE-A991-4C53-A2BD-2B9B05500801}"
EndProject
Project("{9A19103F-16F7-4668-BE54-9A1E7A4F7556}") = "002_Loops_And_Iterations", "Lesson_Loops_And_Iterations\002_Loops_And_Iterations\002_Loops_And_Iterations.csproj", "{E61D9367-DDD1-4C92-B23B-6BDA3008B740}"
EndProject
Project("{9A19103F-16F7-4668-BE54-9A1E7A4F7556}") = "003_Loops_And_Iterations", "Lesson_Loops_And_Iterations\003_Loops_And_Iterations\003_Loops_And_Iterations.csproj", "{707862D6-7DAF-4E1E-B822-8EA164EC88B0}"
EndProject
Project("{9A19103F-16F7-4668-BE54-9A1E7A4F7556}") = "004_Loops_And_Iterations", "Lesson_Loops_And_Iterations\004_Loops_And_Iterations\004_Loops_And_Iterations.csproj", "{F4EF8EF0-4668-4557-A26B-E2BF8CC02A2E}"
EndProject
Project("{9A19103F-16F7-4668-BE54-9A1E7A4F7556}") = "005_Loops_And_Iterations", "Lesson_Loops_And_Iterations\005_Loops_And_Iterations\005_Loops_And_Iterations.csproj", "{D1C5ACA4-E6AF-42B7-B174-24448356D17B}"
EndProject
Project("{9A19103F-16F7-4668-BE54-9A1E7A4F7556}") = "006_Loops_And_Iterations", "Lesson_Loops_And_Iterations\006_Loops_And_Iterations\006_Loops_And_Iterations.csproj", "{4C4CB2F2-08F2-4F3D-9CCD-0706A59543F7}"
EndProject
Project("{9A19103F-16F7-4668-BE54-9A1E7A4F7556}") = "007_Loops_And_Iterations", "Lesson_Loops_And_Iterations\007_Loops_And_Iterations\007_Loops_And_Iterations.csproj", "{B7C4DFC6-BD7A-43FD-8B13-45DAE56A7BA6}"
EndProject
Project("{9A19103F-16F7-4668-BE54-9A1E7A4F7556}") = "008_Loops_And_Iterations", "Lesson_Loops_And_Iterations\008_Loops_And_Iterations\008_Loops_And_Iterations.csproj", "{7009DB40-2C2B-4AE8-B7A5-3F8F34148B5C}"
EndProject
Project("{9A19103F-16F7-4668-BE54-9A1E7A4F7556}") = "009_Loops_And_Iterations", "Lesson_Loops_And_Iterations\009_Loops_And_Iterations\009_Loops_And_Iterations.csproj", "{4F717063-22F4-4111-ACE4-3968F18D9C45}"
EndProject
Project("{9A19103F-16F7-4668-BE54-9A1E7A4F7556}") = "010_Loops_And_Iterations", "Lesson_Loops_And_Iterations\010_Loops_And_Iterations\010_Loops_And_Iterations.csproj", "{13AB3E99-2353-4B25-AEA1-C6057712BB94}"
EndProject
Project("{9A19103F-16F7-4668-BE54-9A1E7A4F7556}") = "011_Loops_And_Iterations", "Lesson_Loops_And_Iterations\011_Loops_And_Iterations\011_Loops_And_Iterations.csproj", "{6F30B392-5443-4AA7-81E9-C711E9521FD1}"
EndProject
Project("{9A19103F-16F7-4668-BE54-9A1E7A4F7556}") = "012_Loops_And_Iterations", "Lesson_Loops_And_Iterations\012_Loops_And_Iterations\012_Loops_And_Iterations.csproj", "{E71FF8A7-B24E-4102-BC95-C65905C45CBA}"
EndProject
Project("{9A19103F-16F7-4668-BE54-9A1E7A4F7556}") = "013_Loops_And_Iterations", "Lesson_Loops_And_Iterations\013_Loops_And_Iterations\013_Loops_And_Iterations.csproj", "{E4D3D156-19ED-4374-95D1-034827F58AA3}"
EndProject
Project("{2150E333-8FDC-42A3-9474-1A3956D46DE8}") = "Lesson_Decision_Constructs", "Lesson_Decision_Constructs", "{2DCA4D2B-5ECF-47C5-B42B-B8BE05F97021}"
EndProject
Project("{9A19103F-16F7-4668-BE54-9A1E7A4F7556}") = "001_Decision_Constructs", "Lesson_Decision_Constructs\001_Decision_Constructs\001_Decision_Constructs.csproj", "{626FFBCB-56F5-4D05-8684-3FD1047CC10D}"
EndProject
Project("{9A19103F-16F7-4668-BE54-9A1E7A4F7556}") = "002_Decision_Constructs", "Lesson_Decision_Constructs\002_Decision_Constructs\002_Decision_Constructs.csproj", "{5A27B031-152B-41D9-A3CF-338ED8BD2F56}"
EndProject
Project("{9A19103F-16F7-4668-BE54-9A1E7A4F7556}") = "003_Decision_Constructs", "Lesson_Decision_Constructs\003_Decision_Constructs\003_Decision_Constructs.csproj", "{D040108A-87B8-4FE0-8382-E0F6188DCED0}"
EndProject
Project("{9A19103F-16F7-4668-BE54-9A1E7A4F7556}") = "004_Decision_Constructs", "Lesson_Decision_Constructs\004_Decision_Constructs\004_Decision_Constructs.csproj", "{DCC26633-19B0-4EA0-BD0C-CA401E151B67}"
EndProject
Project("{9A19103F-16F7-4668-BE54-9A1E7A4F7556}") = "005_Decision_Constructs", "Lesson_Decision_Constructs\005_Decision_Constructs\005_Decision_Constructs.csproj", "{3A8015FA-33B6-47E0-8454-71D8D7743F64}"
EndProject
Project("{9A19103F-16F7-4668-BE54-9A1E7A4F7556}") = "006_Decision_Constructs", "Lesson_Decision_Constructs\006_Decision_Constructs\006_Decision_Constructs.csproj", "{10C5F335-D1BA-48E8-9A11-79586931F241}"
EndProject
Project("{9A19103F-16F7-4668-BE54-9A1E7A4F7556}") = "007_Decision_Constructs", "Lesson_Decision_Constructs\007_Decision_Constructs\007_Decision_Constructs.csproj", "{532B188D-0E1B-496A-862A-9B36AE6BEEDF}"
EndProject
Project("{9A19103F-16F7-4668-BE54-9A1E7A4F7556}") = "008_Decision_Constructs", "Lesson_Decision_Constructs\008_Decision_Constructs\008_Decision_Constructs.csproj", "{BED4D483-95B5-45C7-90AD-78E6B7CC8BB4}"
EndProject
Project("{9A19103F-16F7-4668-BE54-9A1E7A4F7556}") = "009_Decision_Constructs", "Lesson_Decision_Constructs\009_Decision_Constructs\009_Decision_Constructs.csproj", "{EAF1911A-0649-46EE-AFBE-0EA9BDD71191}"
EndProject
Project("{9A19103F-16F7-4668-BE54-9A1E7A4F7556}") = "010_Decision_Constructs", "Lesson_Decision_Constructs\010_Decision_Constructs\010_Decision_Constructs.csproj", "{A6A63B21-22FE-4771-A932-4C50C28BCA74}"
EndProject
Project("{9A19103F-16F7-4668-BE54-9A1E7A4F7556}") = "011_Decision_Constructs", "Lesson_Decision_Constructs\011_Decision_Constructs\011_Decision_Constructs.csproj", "{D536AD3E-AF37-4CAF-A562-CA69ACD8723D}"
EndProject
Project("{9A19103F-16F7-4668-BE54-9A1E7A4F7556}") = "012_Decision_Constructs", "Lesson_Decision_Constructs\012_Decision_Constructs\012_Decision_Constructs.csproj", "{46C267FA-EAD1-417B-AA98-E3480DE5E9FC}"
EndProject
Project("{9A19103F-16F7-4668-BE54-9A1E7A4F7556}") = "013_Decision_Constructs", "Lesson_Decision_Constructs\013_Decision_Constructs\013_Decision_Constructs.csproj", "{E8C7222C-5CA1-47AB-A5BB-4150E8C2F6C2}"
EndProject
Project("{9A19103F-16F7-4668-BE54-9A1E7A4F7556}") = "009_Arithmetic_Operations", "Lesson_Arithmetic_Operations\009_Arithmetic_Operations\009_Arithmetic_Operations.csproj", "{F774B1D4-0FFD-47A4-A7E4-8B0A91DDBAEF}"
EndProject
Project("{9A19103F-16F7-4668-BE54-9A1E7A4F7556}") = "010_Arithmetic_Operations", "Lesson_Arithmetic_Operations\010_Arithmetic_Operations\010_Arithmetic_Operations.csproj", "{CEE5CA73-37EB-42AE-A727-E5AB2173B3C7}"
EndProject
Project("{9A19103F-16F7-4668-BE54-9A1E7A4F7556}") = "011_Arithmetic_Operations", "Lesson_Arithmetic_Operations\011_Arithmetic_Operations\011_Arithmetic_Operations.csproj", "{56E2006E-12FD-4479-A8A1-DAD3FD4265F1}"
EndProject
Project("{9A19103F-16F7-4668-BE54-9A1E7A4F7556}") = "012_Arithmetic_Operations", "Lesson_Arithmetic_Operations\012_Arithmetic_Operations\012_Arithmetic_Operations.csproj", "{DA84249D-4113-4BA3-93A7-9D9D531121DE}"
EndProject
Project("{2150E333-8FDC-42A3-9474-1A3956D46DE8}") = "Lesson_Logical_Operators", "Lesson_Logical_Operators", "{DF73CADB-B6A0-4DC7-97B7-4607DC898607}"
EndProject
Project("{9A19103F-16F7-4668-BE54-9A1E7A4F7556}") = "001_Logical_Operators", "Lesson_Logical_Operators\001_Logical_Operators\001_Logical_Operators.csproj", "{F30B86AD-7158-4BE2-A319-197C26990844}"
EndProject
Project("{9A19103F-16F7-4668-BE54-9A1E7A4F7556}") = "002_Logical_Operators", "Lesson_Logical_Operators\002_Logical_Operators\002_Logical_Operators.csproj", "{A5078642-7AF3-4B39-AC6F-FB4AE9DD372A}"
EndProject
Project("{9A19103F-16F7-4668-BE54-9A1E7A4F7556}") = "003_Logical_Operators", "Lesson_Logical_Operators\003_Logical_Operators\003_Logical_Operators.csproj", "{6034C830-5CFA-4367-A3B1-FE22F3DEE4E3}"
EndProject
Project("{9A19103F-16F7-4668-BE54-9A1E7A4F7556}") = "004_Logical_Operators", "Lesson_Logical_Operators\004_Logical_Operators\004_Logical_Operators.csproj", "{5099DE4D-1F2B-4CEE-9867-95C890ED7DD8}"
EndProject
Project("{9A19103F-16F7-4668-BE54-9A1E7A4F7556}") = "005_Logical_Operators", "Lesson_Logical_Operators\005_Logical_Operators\005_Logical_Operators.csproj", "{588968C7-4D5E-48FA-865B-2EA30D7F115C}"
EndProject
Project("{FAE04EC0-301F-11D3-BF4B-00C04F79EFBC}") = "006_Logical_Operators", "Lesson_Logical_Operators\006_Logical_Operators\006_Logical_Operators.csproj", "{B50E9907-5266-46FE-A5D3-343BB1E7C97B}"
EndProject
Project("{2150E333-8FDC-42A3-9474-1A3956D46DE8}") = "Lesson_Bitwise_And_Shift_Operators", "Lesson_Bitwise_And_Shift_Operators", "{31C24038-28E9-4FF6-B35C-5CB3F0EFD901}"
EndProject
Project("{FAE04EC0-301F-11D3-BF4B-00C04F79EFBC}") = "001_Bitwise_And_Shift_Operators", "Lesson_Bitwise_And_Shift_Operators\001_Bitwise_And_Shift_Operators\001_Bitwise_And_Shift_Operators.csproj", "{772C22F3-047E-4D5F-9B11-CB8C5A8F59CA}"
EndProject
Project("{FAE04EC0-301F-11D3-BF4B-00C04F79EFBC}") = "002_Bitwise_And_Shift_Operators", "Lesson_Bitwise_And_Shift_Operators\002_Bitwise_And_Shift_Operators\002_Bitwise_And_Shift_Operators.csproj", "{9527FEE7-5887-4A8C-A6CA-B0483C1E5A1C}"
EndProject
Project("{FAE04EC0-301F-11D3-BF4B-00C04F79EFBC}") = "004_Bitwise_And_Shift_Operators", "Lesson_Bitwise_And_Shift_Operators\004_Bitwise_And_Shift_Operators\004_Bitwise_And_Shift_Operators.csproj", "{10425D22-F332-4B21-9C98-E01848C5E18E}"
EndProject
Project("{FAE04EC0-301F-11D3-BF4B-00C04F79EFBC}") = "005_Bitwise_And_Shift_Operators", "Lesson_Bitwise_And_Shift_Operators\005_Bitwise_And_Shift_Operators\005_Bitwise_And_Shift_Operators.csproj", "{5228BAD7-908C-4A0F-9BC3-3885CB0B75C8}"
EndProject
Project("{FAE04EC0-301F-11D3-BF4B-00C04F79EFBC}") = "006_Bitwise_And_Shift_Operators", "Lesson_Bitwise_And_Shift_Operators\006_Bitwise_And_Shift_Operators\006_Bitwise_And_Shift_Operators.csproj", "{4783CB02-D83D-4AC5-9ECD-588834BBBD44}"
EndProject
Project("{FAE04EC0-301F-11D3-BF4B-00C04F79EFBC}") = "003_Bitwise_And_Shift_Operators", "Lesson_Bitwise_And_Shift_Operators\003_Bitwise_And_Shift_Operators\003_Bitwise_And_Shift_Operators.csproj", "{C7C3D248-102F-4EC7-A64D-7CAA1F8E6E17}"
EndProject
Project("{2150E333-8FDC-42A3-9474-1A3956D46DE8}") = "Lesson_Equality_And_Comparison_Operators", "Lesson_Equality_And_Comparison_Operators", "{258B60FD-7757-4F20-BBB9-B476178B5312}"
EndProject
Project("{FAE04EC0-301F-11D3-BF4B-00C04F79EFBC}") = "001_Equality_And_Comparison_Operators", "Lesson_Equality_And_Comparison_Operators\001_Equality_And_Comparison_Operators\001_Equality_And_Comparison_Operators.csproj", "{65A29E6C-8DBE-441F-B45F-ED5FF1B1298A}"
EndProject
Project("{FAE04EC0-301F-11D3-BF4B-00C04F79EFBC}") = "002_Equality_And_Comparison_Operators", "Lesson_Equality_And_Comparison_Operators\002_Equality_And_Comparison_Operators\002_Equality_And_Comparison_Operators.csproj", "{D9BF74F8-24AA-4D94-A4D6-C6649DF5AA7E}"
EndProject
Project("{FAE04EC0-301F-11D3-BF4B-00C04F79EFBC}") = "003_Equality_And_Comparison_Operators", "Lesson_Equality_And_Comparison_Operators\003_Equality_And_Comparison_Operators\003_Equality_And_Comparison_Operators.csproj", "{8EA96C40-E6CB-4490-8AAA-EB5CD9AEA1A0}"
EndProject
Project("{FAE04EC0-301F-11D3-BF4B-00C04F79EFBC}") = "004_Equality_And_Comparison_Operators", "Lesson_Equality_And_Comparison_Operators\004_Equality_And_Comparison_Operators\004_Equality_And_Comparison_Operators.csproj", "{FB070843-356C-49CC-8216-ED02C319F97D}"
EndProject
Project("{FAE04EC0-301F-11D3-BF4B-00C04F79EFBC}") = "005_Equality_And_Comparison_Operators", "Lesson_Equality_And_Comparison_Operators\005_Equality_And_Comparison_Operators\005_Equality_And_Comparison_Operators.csproj", "{E39D5A9D-EAB9-4916-8FE1-D7959A39D766}"
EndProject
Project("{2150E333-8FDC-42A3-9474-1A3956D46DE8}") = "Lesson_Conditional_Operator", "Lesson_Conditional_Operator", "{0D459258-06A2-4034-8B0C-4085B008EA96}"
EndProject
Project("{FAE04EC0-301F-11D3-BF4B-00C04F79EFBC}") = "001_Conditional_Operator", "Lesson_Conditional_Operator\001_Conditional_Operator\001_Conditional_Operator.csproj", "{78C38920-C23E-426E-8015-3CFAEF834AAF}"
EndProject
Project("{FAE04EC0-301F-11D3-BF4B-00C04F79EFBC}") = "002_Conditional_Operator", "Lesson_Conditional_Operator\002_Conditional_Operator\002_Conditional_Operator.csproj", "{CE41C528-04E8-4F5A-86CE-CC94D8B9D0CD}"
EndProject
Project("{2150E333-8FDC-42A3-9474-1A3956D46DE8}") = "Lesson_Null-coalescing_And_Null-Conditional_Operators", "Lesson_Null-coalescing_And_Null-Conditional_Operators", "{53C3342B-AE86-427E-892F-6EF05404C1CC}"
EndProject
Project("{FAE04EC0-301F-11D3-BF4B-00C04F79EFBC}") = "001_Null-coalescing_And_Null-Conditional_Operators", "Lesson_Null-coalescing_And_Null-Conditional_Operators\001_Null-coalescing_And_Null-Conditional_Operators\001_Null-coalescing_And_Null-Conditional_Operators.csproj", "{2BB0A260-1063-4794-9BB9-AA3F7B54C05E}"
EndProject
Project("{FAE04EC0-301F-11D3-BF4B-00C04F79EFBC}") = "002_Null-coalescing_And_Null-Conditional_Operators", "Lesson_Null-coalescing_And_Null-Conditional_Operators\002_Null-coalescing_And_Null-Conditional_Operators\002_Null-coalescing_And_Null-Conditional_Operators.csproj", "{0FBB32B8-68AB-4BD4-BB8A-570293DA70F8}"
EndProject
Project("{FAE04EC0-301F-11D3-BF4B-00C04F79EFBC}") = "003_Null-coalescing_And_Null-Conditional_Operators", "Lesson_Null-coalescing_And_Null-Conditional_Operators\003_Null-coalescing_And_Null-Conditional_Operators\003_Null-coalescing_And_Null-Conditional_Operators.csproj", "{774CF9D7-9AE1-4261-A6A0-C4E04E96F238}"
EndProject
Project("{FAE04EC0-301F-11D3-BF4B-00C04F79EFBC}") = "004_Null-coalescing_And_Null-Conditional_Operators", "Lesson_Null-coalescing_And_Null-Conditional_Operators\004_Null-coalescing_And_Null-Conditional_Operators\004_Null-coalescing_And_Null-Conditional_Operators.csproj", "{5D152ED9-A928-48F9-B99D-5FF0976FA2CE}"
EndProject
Project("{FAE04EC0-301F-11D3-BF4B-00C04F79EFBC}") = "005_Null-coalescing_And_Null-Conditional_Operators", "Lesson_Null-coalescing_And_Null-Conditional_Operators\005_Null-coalescing_And_Null-Conditional_Operators\005_Null-coalescing_And_Null-Conditional_Operators.csproj", "{A46B56E3-1C23-4BD1-8661-66728843B4D2}"
EndProject
Project("{FAE04EC0-301F-11D3-BF4B-00C04F79EFBC}") = "006_Null-coalescing_And_Null-Conditional_Operators", "Lesson_Null-coalescing_And_Null-Conditional_Operators\006_Null-coalescing_And_Null-Conditional_Operators\006_Null-coalescing_And_Null-Conditional_Operators.csproj", "{937820C9-3728-44EE-9949-9D87087D02B7}"
EndProject
Project("{FAE04EC0-301F-11D3-BF4B-00C04F79EFBC}") = "007_Null-coalescing_And_Null-Conditional_Operators", "Lesson_Null-coalescing_And_Null-Conditional_Operators\007_Null-coalescing_And_Null-Conditional_Operators\007_Null-coalescing_And_Null-Conditional_Operators.csproj", "{4430271D-E254-44A0-8970-60100A5622C3}"
EndProject
Project("{FAE04EC0-301F-11D3-BF4B-00C04F79EFBC}") = "008_Null-coalescing_And_Null-Conditional_Operators", "Lesson_Null-coalescing_And_Null-Conditional_Operators\008_Null-coalescing_And_Null-Conditional_Operators\008_Null-coalescing_And_Null-Conditional_Operators.csproj", "{4CC1A18A-9FF6-4F7E-8FA6-A472DDC409EB}"
EndProject
Project("{FAE04EC0-301F-11D3-BF4B-00C04F79EFBC}") = "009_Null-coalescing_And_Null-Conditional_Operators", "Lesson_Null-coalescing_And_Null-Conditional_Operators\009_Null-coalescing_And_Null-Conditional_Operators\009_Null-coalescing_And_Null-Conditional_Operators.csproj", "{B720F68A-09EE-44A4-9912-612FB275C735}"
EndProject
Global
	GlobalSection(SolutionConfigurationPlatforms) = preSolution
		Debug|Any CPU = Debug|Any CPU
		Release|Any CPU = Release|Any CPU
	EndGlobalSection
	GlobalSection(ProjectConfigurationPlatforms) = postSolution
		{2B8977A9-0B51-4977-871F-6AFAE6539AF3}.Debug|Any CPU.ActiveCfg = Debug|Any CPU
		{2B8977A9-0B51-4977-871F-6AFAE6539AF3}.Debug|Any CPU.Build.0 = Debug|Any CPU
		{2B8977A9-0B51-4977-871F-6AFAE6539AF3}.Release|Any CPU.ActiveCfg = Release|Any CPU
		{2B8977A9-0B51-4977-871F-6AFAE6539AF3}.Release|Any CPU.Build.0 = Release|Any CPU
		{F22F2E32-112F-4146-893C-52C6A0C9908E}.Debug|Any CPU.ActiveCfg = Debug|Any CPU
		{F22F2E32-112F-4146-893C-52C6A0C9908E}.Debug|Any CPU.Build.0 = Debug|Any CPU
		{F22F2E32-112F-4146-893C-52C6A0C9908E}.Release|Any CPU.ActiveCfg = Release|Any CPU
		{F22F2E32-112F-4146-893C-52C6A0C9908E}.Release|Any CPU.Build.0 = Release|Any CPU
		{D72F0613-2022-46F8-8CF3-F0668A9764FA}.Debug|Any CPU.ActiveCfg = Debug|Any CPU
		{D72F0613-2022-46F8-8CF3-F0668A9764FA}.Debug|Any CPU.Build.0 = Debug|Any CPU
		{D72F0613-2022-46F8-8CF3-F0668A9764FA}.Release|Any CPU.ActiveCfg = Release|Any CPU
		{D72F0613-2022-46F8-8CF3-F0668A9764FA}.Release|Any CPU.Build.0 = Release|Any CPU
		{D2FDCD37-CA5E-4558-B723-4DD8905860EF}.Debug|Any CPU.ActiveCfg = Debug|Any CPU
		{D2FDCD37-CA5E-4558-B723-4DD8905860EF}.Debug|Any CPU.Build.0 = Debug|Any CPU
		{D2FDCD37-CA5E-4558-B723-4DD8905860EF}.Release|Any CPU.ActiveCfg = Release|Any CPU
		{D2FDCD37-CA5E-4558-B723-4DD8905860EF}.Release|Any CPU.Build.0 = Release|Any CPU
		{98CAC6ED-A09E-4834-9FD6-A9D6A1F1E1E0}.Debug|Any CPU.ActiveCfg = Debug|Any CPU
		{98CAC6ED-A09E-4834-9FD6-A9D6A1F1E1E0}.Debug|Any CPU.Build.0 = Debug|Any CPU
		{98CAC6ED-A09E-4834-9FD6-A9D6A1F1E1E0}.Release|Any CPU.ActiveCfg = Release|Any CPU
		{98CAC6ED-A09E-4834-9FD6-A9D6A1F1E1E0}.Release|Any CPU.Build.0 = Release|Any CPU
		{08697DC9-9B9B-40D2-B2AD-B5DB9F003037}.Debug|Any CPU.ActiveCfg = Debug|Any CPU
		{08697DC9-9B9B-40D2-B2AD-B5DB9F003037}.Debug|Any CPU.Build.0 = Debug|Any CPU
		{08697DC9-9B9B-40D2-B2AD-B5DB9F003037}.Release|Any CPU.ActiveCfg = Release|Any CPU
		{08697DC9-9B9B-40D2-B2AD-B5DB9F003037}.Release|Any CPU.Build.0 = Release|Any CPU
		{7AF2E4BF-783E-49DF-A00E-CD4EA36AAD84}.Debug|Any CPU.ActiveCfg = Debug|Any CPU
		{7AF2E4BF-783E-49DF-A00E-CD4EA36AAD84}.Debug|Any CPU.Build.0 = Debug|Any CPU
		{7AF2E4BF-783E-49DF-A00E-CD4EA36AAD84}.Release|Any CPU.ActiveCfg = Release|Any CPU
		{7AF2E4BF-783E-49DF-A00E-CD4EA36AAD84}.Release|Any CPU.Build.0 = Release|Any CPU
		{C03B4255-C253-45BD-8DD9-D0C6E283E388}.Debug|Any CPU.ActiveCfg = Debug|Any CPU
		{C03B4255-C253-45BD-8DD9-D0C6E283E388}.Debug|Any CPU.Build.0 = Debug|Any CPU
		{C03B4255-C253-45BD-8DD9-D0C6E283E388}.Release|Any CPU.ActiveCfg = Release|Any CPU
		{C03B4255-C253-45BD-8DD9-D0C6E283E388}.Release|Any CPU.Build.0 = Release|Any CPU
		{B772E6FD-7EFC-4DFE-8EBA-525C97C7DDD1}.Debug|Any CPU.ActiveCfg = Debug|Any CPU
		{B772E6FD-7EFC-4DFE-8EBA-525C97C7DDD1}.Debug|Any CPU.Build.0 = Debug|Any CPU
		{B772E6FD-7EFC-4DFE-8EBA-525C97C7DDD1}.Release|Any CPU.ActiveCfg = Release|Any CPU
		{B772E6FD-7EFC-4DFE-8EBA-525C97C7DDD1}.Release|Any CPU.Build.0 = Release|Any CPU
		{2752440A-61CC-465A-BF78-CAD2B1248609}.Debug|Any CPU.ActiveCfg = Debug|Any CPU
		{2752440A-61CC-465A-BF78-CAD2B1248609}.Debug|Any CPU.Build.0 = Debug|Any CPU
		{2752440A-61CC-465A-BF78-CAD2B1248609}.Release|Any CPU.ActiveCfg = Release|Any CPU
		{2752440A-61CC-465A-BF78-CAD2B1248609}.Release|Any CPU.Build.0 = Release|Any CPU
		{3D5A3D88-E50D-4610-8E20-6817B3F63E8C}.Debug|Any CPU.ActiveCfg = Debug|Any CPU
		{3D5A3D88-E50D-4610-8E20-6817B3F63E8C}.Debug|Any CPU.Build.0 = Debug|Any CPU
		{3D5A3D88-E50D-4610-8E20-6817B3F63E8C}.Release|Any CPU.ActiveCfg = Release|Any CPU
		{3D5A3D88-E50D-4610-8E20-6817B3F63E8C}.Release|Any CPU.Build.0 = Release|Any CPU
		{7D6591D3-D27F-4BFD-8D03-075516D47C07}.Debug|Any CPU.ActiveCfg = Debug|Any CPU
		{7D6591D3-D27F-4BFD-8D03-075516D47C07}.Debug|Any CPU.Build.0 = Debug|Any CPU
		{7D6591D3-D27F-4BFD-8D03-075516D47C07}.Release|Any CPU.ActiveCfg = Release|Any CPU
		{7D6591D3-D27F-4BFD-8D03-075516D47C07}.Release|Any CPU.Build.0 = Release|Any CPU
		{0BE23DAC-03BA-4C81-8CC8-30EBE1FAA7E5}.Debug|Any CPU.ActiveCfg = Debug|Any CPU
		{0BE23DAC-03BA-4C81-8CC8-30EBE1FAA7E5}.Debug|Any CPU.Build.0 = Debug|Any CPU
		{0BE23DAC-03BA-4C81-8CC8-30EBE1FAA7E5}.Release|Any CPU.ActiveCfg = Release|Any CPU
		{0BE23DAC-03BA-4C81-8CC8-30EBE1FAA7E5}.Release|Any CPU.Build.0 = Release|Any CPU
		{EB82E67B-179C-4ECF-AD19-8147DB21344D}.Debug|Any CPU.ActiveCfg = Debug|Any CPU
		{EB82E67B-179C-4ECF-AD19-8147DB21344D}.Debug|Any CPU.Build.0 = Debug|Any CPU
		{EB82E67B-179C-4ECF-AD19-8147DB21344D}.Release|Any CPU.ActiveCfg = Release|Any CPU
		{EB82E67B-179C-4ECF-AD19-8147DB21344D}.Release|Any CPU.Build.0 = Release|Any CPU
		{B8C61BF1-E91C-4ACE-9E96-09402841AB17}.Debug|Any CPU.ActiveCfg = Debug|Any CPU
		{B8C61BF1-E91C-4ACE-9E96-09402841AB17}.Debug|Any CPU.Build.0 = Debug|Any CPU
		{B8C61BF1-E91C-4ACE-9E96-09402841AB17}.Release|Any CPU.ActiveCfg = Release|Any CPU
		{B8C61BF1-E91C-4ACE-9E96-09402841AB17}.Release|Any CPU.Build.0 = Release|Any CPU
		{F2E63557-3627-487F-B0C8-945E3DB116C5}.Debug|Any CPU.ActiveCfg = Debug|Any CPU
		{F2E63557-3627-487F-B0C8-945E3DB116C5}.Debug|Any CPU.Build.0 = Debug|Any CPU
		{F2E63557-3627-487F-B0C8-945E3DB116C5}.Release|Any CPU.ActiveCfg = Release|Any CPU
		{F2E63557-3627-487F-B0C8-945E3DB116C5}.Release|Any CPU.Build.0 = Release|Any CPU
		{2153A24D-E824-4D9D-932B-568E24204EC3}.Debug|Any CPU.ActiveCfg = Debug|Any CPU
		{2153A24D-E824-4D9D-932B-568E24204EC3}.Debug|Any CPU.Build.0 = Debug|Any CPU
		{2153A24D-E824-4D9D-932B-568E24204EC3}.Release|Any CPU.ActiveCfg = Release|Any CPU
		{2153A24D-E824-4D9D-932B-568E24204EC3}.Release|Any CPU.Build.0 = Release|Any CPU
		{E0CF7C14-8BB4-4876-956B-EFCA1E2D54DD}.Debug|Any CPU.ActiveCfg = Debug|Any CPU
		{E0CF7C14-8BB4-4876-956B-EFCA1E2D54DD}.Debug|Any CPU.Build.0 = Debug|Any CPU
		{E0CF7C14-8BB4-4876-956B-EFCA1E2D54DD}.Release|Any CPU.ActiveCfg = Release|Any CPU
		{E0CF7C14-8BB4-4876-956B-EFCA1E2D54DD}.Release|Any CPU.Build.0 = Release|Any CPU
		{01C6A1AA-F918-479F-8999-68914EA4BFD4}.Debug|Any CPU.ActiveCfg = Debug|Any CPU
		{01C6A1AA-F918-479F-8999-68914EA4BFD4}.Debug|Any CPU.Build.0 = Debug|Any CPU
		{01C6A1AA-F918-479F-8999-68914EA4BFD4}.Release|Any CPU.ActiveCfg = Release|Any CPU
		{01C6A1AA-F918-479F-8999-68914EA4BFD4}.Release|Any CPU.Build.0 = Release|Any CPU
		{07766570-2066-46C9-86D9-DB48FCABC72F}.Debug|Any CPU.ActiveCfg = Debug|Any CPU
		{07766570-2066-46C9-86D9-DB48FCABC72F}.Debug|Any CPU.Build.0 = Debug|Any CPU
		{07766570-2066-46C9-86D9-DB48FCABC72F}.Release|Any CPU.ActiveCfg = Release|Any CPU
		{07766570-2066-46C9-86D9-DB48FCABC72F}.Release|Any CPU.Build.0 = Release|Any CPU
		{2309D2E6-F734-4BD0-8152-C162038FEEC3}.Debug|Any CPU.ActiveCfg = Debug|Any CPU
		{2309D2E6-F734-4BD0-8152-C162038FEEC3}.Debug|Any CPU.Build.0 = Debug|Any CPU
		{2309D2E6-F734-4BD0-8152-C162038FEEC3}.Release|Any CPU.ActiveCfg = Release|Any CPU
		{2309D2E6-F734-4BD0-8152-C162038FEEC3}.Release|Any CPU.Build.0 = Release|Any CPU
		{6F0EFF86-0CD8-4E2E-8B07-A409BE2A3D58}.Debug|Any CPU.ActiveCfg = Debug|Any CPU
		{6F0EFF86-0CD8-4E2E-8B07-A409BE2A3D58}.Debug|Any CPU.Build.0 = Debug|Any CPU
		{6F0EFF86-0CD8-4E2E-8B07-A409BE2A3D58}.Release|Any CPU.ActiveCfg = Release|Any CPU
		{6F0EFF86-0CD8-4E2E-8B07-A409BE2A3D58}.Release|Any CPU.Build.0 = Release|Any CPU
		{D749EC19-8529-4900-84BA-BA273F415DAB}.Debug|Any CPU.ActiveCfg = Debug|Any CPU
		{D749EC19-8529-4900-84BA-BA273F415DAB}.Debug|Any CPU.Build.0 = Debug|Any CPU
		{D749EC19-8529-4900-84BA-BA273F415DAB}.Release|Any CPU.ActiveCfg = Release|Any CPU
		{D749EC19-8529-4900-84BA-BA273F415DAB}.Release|Any CPU.Build.0 = Release|Any CPU
		{2A7B3908-F5A3-4638-8ACE-F1BF24CFDDA4}.Debug|Any CPU.ActiveCfg = Debug|Any CPU
		{2A7B3908-F5A3-4638-8ACE-F1BF24CFDDA4}.Debug|Any CPU.Build.0 = Debug|Any CPU
		{2A7B3908-F5A3-4638-8ACE-F1BF24CFDDA4}.Release|Any CPU.ActiveCfg = Release|Any CPU
		{2A7B3908-F5A3-4638-8ACE-F1BF24CFDDA4}.Release|Any CPU.Build.0 = Release|Any CPU
		{9E2DB061-7B18-404A-BA75-CA65A4BE314E}.Debug|Any CPU.ActiveCfg = Debug|Any CPU
		{9E2DB061-7B18-404A-BA75-CA65A4BE314E}.Debug|Any CPU.Build.0 = Debug|Any CPU
		{9E2DB061-7B18-404A-BA75-CA65A4BE314E}.Release|Any CPU.ActiveCfg = Release|Any CPU
		{9E2DB061-7B18-404A-BA75-CA65A4BE314E}.Release|Any CPU.Build.0 = Release|Any CPU
		{93778F21-FAE4-42FE-AC8D-1D2975E67D5F}.Debug|Any CPU.ActiveCfg = Debug|Any CPU
		{93778F21-FAE4-42FE-AC8D-1D2975E67D5F}.Debug|Any CPU.Build.0 = Debug|Any CPU
		{93778F21-FAE4-42FE-AC8D-1D2975E67D5F}.Release|Any CPU.ActiveCfg = Release|Any CPU
		{93778F21-FAE4-42FE-AC8D-1D2975E67D5F}.Release|Any CPU.Build.0 = Release|Any CPU
		{D667C34A-406A-40F3-B39B-F234CB91CD24}.Debug|Any CPU.ActiveCfg = Debug|Any CPU
		{D667C34A-406A-40F3-B39B-F234CB91CD24}.Debug|Any CPU.Build.0 = Debug|Any CPU
		{D667C34A-406A-40F3-B39B-F234CB91CD24}.Release|Any CPU.ActiveCfg = Release|Any CPU
		{D667C34A-406A-40F3-B39B-F234CB91CD24}.Release|Any CPU.Build.0 = Release|Any CPU
		{713C3219-82C4-489B-9D0C-3400D02F1AA8}.Debug|Any CPU.ActiveCfg = Debug|Any CPU
		{713C3219-82C4-489B-9D0C-3400D02F1AA8}.Debug|Any CPU.Build.0 = Debug|Any CPU
		{713C3219-82C4-489B-9D0C-3400D02F1AA8}.Release|Any CPU.ActiveCfg = Release|Any CPU
		{713C3219-82C4-489B-9D0C-3400D02F1AA8}.Release|Any CPU.Build.0 = Release|Any CPU
		{222D6A99-021E-40FF-AABE-E0653D7B719A}.Debug|Any CPU.ActiveCfg = Debug|Any CPU
		{222D6A99-021E-40FF-AABE-E0653D7B719A}.Debug|Any CPU.Build.0 = Debug|Any CPU
		{222D6A99-021E-40FF-AABE-E0653D7B719A}.Release|Any CPU.ActiveCfg = Release|Any CPU
		{222D6A99-021E-40FF-AABE-E0653D7B719A}.Release|Any CPU.Build.0 = Release|Any CPU
		{456B8693-1172-4C2C-9547-0F377BEE9E9B}.Debug|Any CPU.ActiveCfg = Debug|Any CPU
		{456B8693-1172-4C2C-9547-0F377BEE9E9B}.Debug|Any CPU.Build.0 = Debug|Any CPU
		{456B8693-1172-4C2C-9547-0F377BEE9E9B}.Release|Any CPU.ActiveCfg = Release|Any CPU
		{456B8693-1172-4C2C-9547-0F377BEE9E9B}.Release|Any CPU.Build.0 = Release|Any CPU
		{89128DB2-8A0C-4241-A692-F9AB710DB7D1}.Debug|Any CPU.ActiveCfg = Debug|Any CPU
		{89128DB2-8A0C-4241-A692-F9AB710DB7D1}.Debug|Any CPU.Build.0 = Debug|Any CPU
		{89128DB2-8A0C-4241-A692-F9AB710DB7D1}.Release|Any CPU.ActiveCfg = Release|Any CPU
		{89128DB2-8A0C-4241-A692-F9AB710DB7D1}.Release|Any CPU.Build.0 = Release|Any CPU
		{5AEEF1C1-E7A4-4E75-8B75-528B81BA7EC4}.Debug|Any CPU.ActiveCfg = Debug|Any CPU
		{5AEEF1C1-E7A4-4E75-8B75-528B81BA7EC4}.Debug|Any CPU.Build.0 = Debug|Any CPU
		{5AEEF1C1-E7A4-4E75-8B75-528B81BA7EC4}.Release|Any CPU.ActiveCfg = Release|Any CPU
		{5AEEF1C1-E7A4-4E75-8B75-528B81BA7EC4}.Release|Any CPU.Build.0 = Release|Any CPU
		{033D8412-90D6-4571-B6D7-5E8763427E29}.Debug|Any CPU.ActiveCfg = Debug|Any CPU
		{033D8412-90D6-4571-B6D7-5E8763427E29}.Debug|Any CPU.Build.0 = Debug|Any CPU
		{033D8412-90D6-4571-B6D7-5E8763427E29}.Release|Any CPU.ActiveCfg = Release|Any CPU
		{033D8412-90D6-4571-B6D7-5E8763427E29}.Release|Any CPU.Build.0 = Release|Any CPU
		{6759A110-62F6-4529-950F-7D20AC87761C}.Debug|Any CPU.ActiveCfg = Debug|Any CPU
		{6759A110-62F6-4529-950F-7D20AC87761C}.Debug|Any CPU.Build.0 = Debug|Any CPU
		{6759A110-62F6-4529-950F-7D20AC87761C}.Release|Any CPU.ActiveCfg = Release|Any CPU
		{6759A110-62F6-4529-950F-7D20AC87761C}.Release|Any CPU.Build.0 = Release|Any CPU
		{EFEF5AA7-BEEF-4681-B856-970EBCB31A19}.Debug|Any CPU.ActiveCfg = Debug|Any CPU
		{EFEF5AA7-BEEF-4681-B856-970EBCB31A19}.Debug|Any CPU.Build.0 = Debug|Any CPU
		{EFEF5AA7-BEEF-4681-B856-970EBCB31A19}.Release|Any CPU.ActiveCfg = Release|Any CPU
		{EFEF5AA7-BEEF-4681-B856-970EBCB31A19}.Release|Any CPU.Build.0 = Release|Any CPU
		{151F59DF-8059-4A06-8595-B8DFACD7701D}.Debug|Any CPU.ActiveCfg = Debug|Any CPU
		{151F59DF-8059-4A06-8595-B8DFACD7701D}.Debug|Any CPU.Build.0 = Debug|Any CPU
		{151F59DF-8059-4A06-8595-B8DFACD7701D}.Release|Any CPU.ActiveCfg = Release|Any CPU
		{151F59DF-8059-4A06-8595-B8DFACD7701D}.Release|Any CPU.Build.0 = Release|Any CPU
		{145ED87D-974D-4610-8A3E-75E85A42430C}.Debug|Any CPU.ActiveCfg = Debug|Any CPU
		{145ED87D-974D-4610-8A3E-75E85A42430C}.Debug|Any CPU.Build.0 = Debug|Any CPU
		{145ED87D-974D-4610-8A3E-75E85A42430C}.Release|Any CPU.ActiveCfg = Release|Any CPU
		{145ED87D-974D-4610-8A3E-75E85A42430C}.Release|Any CPU.Build.0 = Release|Any CPU
		{5915C4D1-0542-46C5-B4E8-D4B818397E3B}.Debug|Any CPU.ActiveCfg = Debug|Any CPU
		{5915C4D1-0542-46C5-B4E8-D4B818397E3B}.Debug|Any CPU.Build.0 = Debug|Any CPU
		{5915C4D1-0542-46C5-B4E8-D4B818397E3B}.Release|Any CPU.ActiveCfg = Release|Any CPU
		{5915C4D1-0542-46C5-B4E8-D4B818397E3B}.Release|Any CPU.Build.0 = Release|Any CPU
		{7832BDE1-6966-4C07-91A4-06BF10AD4AB7}.Debug|Any CPU.ActiveCfg = Debug|Any CPU
		{7832BDE1-6966-4C07-91A4-06BF10AD4AB7}.Debug|Any CPU.Build.0 = Debug|Any CPU
		{7832BDE1-6966-4C07-91A4-06BF10AD4AB7}.Release|Any CPU.ActiveCfg = Release|Any CPU
		{7832BDE1-6966-4C07-91A4-06BF10AD4AB7}.Release|Any CPU.Build.0 = Release|Any CPU
		{BBE90D54-F34F-414B-8F75-C8CBF06D25F0}.Debug|Any CPU.ActiveCfg = Debug|Any CPU
		{BBE90D54-F34F-414B-8F75-C8CBF06D25F0}.Debug|Any CPU.Build.0 = Debug|Any CPU
		{BBE90D54-F34F-414B-8F75-C8CBF06D25F0}.Release|Any CPU.ActiveCfg = Release|Any CPU
		{BBE90D54-F34F-414B-8F75-C8CBF06D25F0}.Release|Any CPU.Build.0 = Release|Any CPU
		{445F4578-A9CF-4248-82B8-E488A5DE0A52}.Debug|Any CPU.ActiveCfg = Debug|Any CPU
		{445F4578-A9CF-4248-82B8-E488A5DE0A52}.Debug|Any CPU.Build.0 = Debug|Any CPU
		{445F4578-A9CF-4248-82B8-E488A5DE0A52}.Release|Any CPU.ActiveCfg = Release|Any CPU
		{445F4578-A9CF-4248-82B8-E488A5DE0A52}.Release|Any CPU.Build.0 = Release|Any CPU
		{D902C1C2-9650-4AEC-8A56-E7DB8FA04194}.Debug|Any CPU.ActiveCfg = Debug|Any CPU
		{D902C1C2-9650-4AEC-8A56-E7DB8FA04194}.Debug|Any CPU.Build.0 = Debug|Any CPU
		{D902C1C2-9650-4AEC-8A56-E7DB8FA04194}.Release|Any CPU.ActiveCfg = Release|Any CPU
		{D902C1C2-9650-4AEC-8A56-E7DB8FA04194}.Release|Any CPU.Build.0 = Release|Any CPU
		{FEDAC717-A8EC-4284-86F5-5FF237373753}.Debug|Any CPU.ActiveCfg = Debug|Any CPU
		{FEDAC717-A8EC-4284-86F5-5FF237373753}.Debug|Any CPU.Build.0 = Debug|Any CPU
		{FEDAC717-A8EC-4284-86F5-5FF237373753}.Release|Any CPU.ActiveCfg = Release|Any CPU
		{FEDAC717-A8EC-4284-86F5-5FF237373753}.Release|Any CPU.Build.0 = Release|Any CPU
		{9043A6B5-BA59-4295-8C9A-6F7997C803E3}.Debug|Any CPU.ActiveCfg = Debug|Any CPU
		{9043A6B5-BA59-4295-8C9A-6F7997C803E3}.Debug|Any CPU.Build.0 = Debug|Any CPU
		{9043A6B5-BA59-4295-8C9A-6F7997C803E3}.Release|Any CPU.ActiveCfg = Release|Any CPU
		{9043A6B5-BA59-4295-8C9A-6F7997C803E3}.Release|Any CPU.Build.0 = Release|Any CPU
		{AF081A7A-E495-46A5-B4A6-A0A16AFE85C2}.Debug|Any CPU.ActiveCfg = Debug|Any CPU
		{AF081A7A-E495-46A5-B4A6-A0A16AFE85C2}.Debug|Any CPU.Build.0 = Debug|Any CPU
		{AF081A7A-E495-46A5-B4A6-A0A16AFE85C2}.Release|Any CPU.ActiveCfg = Release|Any CPU
		{AF081A7A-E495-46A5-B4A6-A0A16AFE85C2}.Release|Any CPU.Build.0 = Release|Any CPU
		{4B4D50E1-A73E-4DB4-AD16-1C18529E8E7F}.Debug|Any CPU.ActiveCfg = Debug|Any CPU
		{4B4D50E1-A73E-4DB4-AD16-1C18529E8E7F}.Debug|Any CPU.Build.0 = Debug|Any CPU
		{4B4D50E1-A73E-4DB4-AD16-1C18529E8E7F}.Release|Any CPU.ActiveCfg = Release|Any CPU
		{4B4D50E1-A73E-4DB4-AD16-1C18529E8E7F}.Release|Any CPU.Build.0 = Release|Any CPU
		{C5A9478D-8E14-43DB-9256-FC3E128BA261}.Debug|Any CPU.ActiveCfg = Debug|Any CPU
		{C5A9478D-8E14-43DB-9256-FC3E128BA261}.Debug|Any CPU.Build.0 = Debug|Any CPU
		{C5A9478D-8E14-43DB-9256-FC3E128BA261}.Release|Any CPU.ActiveCfg = Release|Any CPU
		{C5A9478D-8E14-43DB-9256-FC3E128BA261}.Release|Any CPU.Build.0 = Release|Any CPU
		{067CB4BB-0A30-4BF6-ACEB-C37910D44A91}.Debug|Any CPU.ActiveCfg = Debug|Any CPU
		{067CB4BB-0A30-4BF6-ACEB-C37910D44A91}.Debug|Any CPU.Build.0 = Debug|Any CPU
		{067CB4BB-0A30-4BF6-ACEB-C37910D44A91}.Release|Any CPU.ActiveCfg = Release|Any CPU
		{067CB4BB-0A30-4BF6-ACEB-C37910D44A91}.Release|Any CPU.Build.0 = Release|Any CPU
		{F459A58D-544D-4EC9-9938-93C31F682886}.Debug|Any CPU.ActiveCfg = Debug|Any CPU
		{F459A58D-544D-4EC9-9938-93C31F682886}.Debug|Any CPU.Build.0 = Debug|Any CPU
		{F459A58D-544D-4EC9-9938-93C31F682886}.Release|Any CPU.ActiveCfg = Release|Any CPU
		{F459A58D-544D-4EC9-9938-93C31F682886}.Release|Any CPU.Build.0 = Release|Any CPU
		{2084780D-F688-4EA8-A8CA-EAA6DC86683F}.Debug|Any CPU.ActiveCfg = Debug|Any CPU
		{2084780D-F688-4EA8-A8CA-EAA6DC86683F}.Debug|Any CPU.Build.0 = Debug|Any CPU
		{2084780D-F688-4EA8-A8CA-EAA6DC86683F}.Release|Any CPU.ActiveCfg = Release|Any CPU
		{2084780D-F688-4EA8-A8CA-EAA6DC86683F}.Release|Any CPU.Build.0 = Release|Any CPU
		{FDF73E07-8F24-44E0-B2D4-4E3441FC52D0}.Debug|Any CPU.ActiveCfg = Debug|Any CPU
		{FDF73E07-8F24-44E0-B2D4-4E3441FC52D0}.Debug|Any CPU.Build.0 = Debug|Any CPU
		{FDF73E07-8F24-44E0-B2D4-4E3441FC52D0}.Release|Any CPU.ActiveCfg = Release|Any CPU
		{FDF73E07-8F24-44E0-B2D4-4E3441FC52D0}.Release|Any CPU.Build.0 = Release|Any CPU
		{786E2A9D-F463-45DD-8586-B9EBAB93F7A2}.Debug|Any CPU.ActiveCfg = Debug|Any CPU
		{786E2A9D-F463-45DD-8586-B9EBAB93F7A2}.Debug|Any CPU.Build.0 = Debug|Any CPU
		{786E2A9D-F463-45DD-8586-B9EBAB93F7A2}.Release|Any CPU.ActiveCfg = Release|Any CPU
		{786E2A9D-F463-45DD-8586-B9EBAB93F7A2}.Release|Any CPU.Build.0 = Release|Any CPU
		{57139643-4CBD-4DB4-ABBE-A40E45C8474F}.Debug|Any CPU.ActiveCfg = Debug|Any CPU
		{57139643-4CBD-4DB4-ABBE-A40E45C8474F}.Debug|Any CPU.Build.0 = Debug|Any CPU
		{57139643-4CBD-4DB4-ABBE-A40E45C8474F}.Release|Any CPU.ActiveCfg = Release|Any CPU
		{57139643-4CBD-4DB4-ABBE-A40E45C8474F}.Release|Any CPU.Build.0 = Release|Any CPU
		{54516373-ECB5-44DC-B4E7-A4BDED274320}.Debug|Any CPU.ActiveCfg = Debug|Any CPU
		{54516373-ECB5-44DC-B4E7-A4BDED274320}.Debug|Any CPU.Build.0 = Debug|Any CPU
		{54516373-ECB5-44DC-B4E7-A4BDED274320}.Release|Any CPU.ActiveCfg = Release|Any CPU
		{54516373-ECB5-44DC-B4E7-A4BDED274320}.Release|Any CPU.Build.0 = Release|Any CPU
		{86FD8E54-A46E-4F88-A259-FA866D02C4CB}.Debug|Any CPU.ActiveCfg = Debug|Any CPU
		{86FD8E54-A46E-4F88-A259-FA866D02C4CB}.Debug|Any CPU.Build.0 = Debug|Any CPU
		{86FD8E54-A46E-4F88-A259-FA866D02C4CB}.Release|Any CPU.ActiveCfg = Release|Any CPU
		{86FD8E54-A46E-4F88-A259-FA866D02C4CB}.Release|Any CPU.Build.0 = Release|Any CPU
		{865F36EE-A991-4C53-A2BD-2B9B05500801}.Debug|Any CPU.ActiveCfg = Debug|Any CPU
		{865F36EE-A991-4C53-A2BD-2B9B05500801}.Debug|Any CPU.Build.0 = Debug|Any CPU
		{865F36EE-A991-4C53-A2BD-2B9B05500801}.Release|Any CPU.ActiveCfg = Release|Any CPU
		{865F36EE-A991-4C53-A2BD-2B9B05500801}.Release|Any CPU.Build.0 = Release|Any CPU
		{E61D9367-DDD1-4C92-B23B-6BDA3008B740}.Debug|Any CPU.ActiveCfg = Debug|Any CPU
		{E61D9367-DDD1-4C92-B23B-6BDA3008B740}.Debug|Any CPU.Build.0 = Debug|Any CPU
		{E61D9367-DDD1-4C92-B23B-6BDA3008B740}.Release|Any CPU.ActiveCfg = Release|Any CPU
		{E61D9367-DDD1-4C92-B23B-6BDA3008B740}.Release|Any CPU.Build.0 = Release|Any CPU
		{707862D6-7DAF-4E1E-B822-8EA164EC88B0}.Debug|Any CPU.ActiveCfg = Debug|Any CPU
		{707862D6-7DAF-4E1E-B822-8EA164EC88B0}.Debug|Any CPU.Build.0 = Debug|Any CPU
		{707862D6-7DAF-4E1E-B822-8EA164EC88B0}.Release|Any CPU.ActiveCfg = Release|Any CPU
		{707862D6-7DAF-4E1E-B822-8EA164EC88B0}.Release|Any CPU.Build.0 = Release|Any CPU
		{F4EF8EF0-4668-4557-A26B-E2BF8CC02A2E}.Debug|Any CPU.ActiveCfg = Debug|Any CPU
		{F4EF8EF0-4668-4557-A26B-E2BF8CC02A2E}.Debug|Any CPU.Build.0 = Debug|Any CPU
		{F4EF8EF0-4668-4557-A26B-E2BF8CC02A2E}.Release|Any CPU.ActiveCfg = Release|Any CPU
		{F4EF8EF0-4668-4557-A26B-E2BF8CC02A2E}.Release|Any CPU.Build.0 = Release|Any CPU
		{D1C5ACA4-E6AF-42B7-B174-24448356D17B}.Debug|Any CPU.ActiveCfg = Debug|Any CPU
		{D1C5ACA4-E6AF-42B7-B174-24448356D17B}.Debug|Any CPU.Build.0 = Debug|Any CPU
		{D1C5ACA4-E6AF-42B7-B174-24448356D17B}.Release|Any CPU.ActiveCfg = Release|Any CPU
		{D1C5ACA4-E6AF-42B7-B174-24448356D17B}.Release|Any CPU.Build.0 = Release|Any CPU
		{4C4CB2F2-08F2-4F3D-9CCD-0706A59543F7}.Debug|Any CPU.ActiveCfg = Debug|Any CPU
		{4C4CB2F2-08F2-4F3D-9CCD-0706A59543F7}.Debug|Any CPU.Build.0 = Debug|Any CPU
		{4C4CB2F2-08F2-4F3D-9CCD-0706A59543F7}.Release|Any CPU.ActiveCfg = Release|Any CPU
		{4C4CB2F2-08F2-4F3D-9CCD-0706A59543F7}.Release|Any CPU.Build.0 = Release|Any CPU
		{B7C4DFC6-BD7A-43FD-8B13-45DAE56A7BA6}.Debug|Any CPU.ActiveCfg = Debug|Any CPU
		{B7C4DFC6-BD7A-43FD-8B13-45DAE56A7BA6}.Debug|Any CPU.Build.0 = Debug|Any CPU
		{B7C4DFC6-BD7A-43FD-8B13-45DAE56A7BA6}.Release|Any CPU.ActiveCfg = Release|Any CPU
		{B7C4DFC6-BD7A-43FD-8B13-45DAE56A7BA6}.Release|Any CPU.Build.0 = Release|Any CPU
		{7009DB40-2C2B-4AE8-B7A5-3F8F34148B5C}.Debug|Any CPU.ActiveCfg = Debug|Any CPU
		{7009DB40-2C2B-4AE8-B7A5-3F8F34148B5C}.Debug|Any CPU.Build.0 = Debug|Any CPU
		{7009DB40-2C2B-4AE8-B7A5-3F8F34148B5C}.Release|Any CPU.ActiveCfg = Release|Any CPU
		{7009DB40-2C2B-4AE8-B7A5-3F8F34148B5C}.Release|Any CPU.Build.0 = Release|Any CPU
		{4F717063-22F4-4111-ACE4-3968F18D9C45}.Debug|Any CPU.ActiveCfg = Debug|Any CPU
		{4F717063-22F4-4111-ACE4-3968F18D9C45}.Debug|Any CPU.Build.0 = Debug|Any CPU
		{4F717063-22F4-4111-ACE4-3968F18D9C45}.Release|Any CPU.ActiveCfg = Release|Any CPU
		{4F717063-22F4-4111-ACE4-3968F18D9C45}.Release|Any CPU.Build.0 = Release|Any CPU
		{13AB3E99-2353-4B25-AEA1-C6057712BB94}.Debug|Any CPU.ActiveCfg = Debug|Any CPU
		{13AB3E99-2353-4B25-AEA1-C6057712BB94}.Debug|Any CPU.Build.0 = Debug|Any CPU
		{13AB3E99-2353-4B25-AEA1-C6057712BB94}.Release|Any CPU.ActiveCfg = Release|Any CPU
		{13AB3E99-2353-4B25-AEA1-C6057712BB94}.Release|Any CPU.Build.0 = Release|Any CPU
		{6F30B392-5443-4AA7-81E9-C711E9521FD1}.Debug|Any CPU.ActiveCfg = Debug|Any CPU
		{6F30B392-5443-4AA7-81E9-C711E9521FD1}.Debug|Any CPU.Build.0 = Debug|Any CPU
		{6F30B392-5443-4AA7-81E9-C711E9521FD1}.Release|Any CPU.ActiveCfg = Release|Any CPU
		{6F30B392-5443-4AA7-81E9-C711E9521FD1}.Release|Any CPU.Build.0 = Release|Any CPU
		{E71FF8A7-B24E-4102-BC95-C65905C45CBA}.Debug|Any CPU.ActiveCfg = Debug|Any CPU
		{E71FF8A7-B24E-4102-BC95-C65905C45CBA}.Debug|Any CPU.Build.0 = Debug|Any CPU
		{E71FF8A7-B24E-4102-BC95-C65905C45CBA}.Release|Any CPU.ActiveCfg = Release|Any CPU
		{E71FF8A7-B24E-4102-BC95-C65905C45CBA}.Release|Any CPU.Build.0 = Release|Any CPU
		{E4D3D156-19ED-4374-95D1-034827F58AA3}.Debug|Any CPU.ActiveCfg = Debug|Any CPU
		{E4D3D156-19ED-4374-95D1-034827F58AA3}.Debug|Any CPU.Build.0 = Debug|Any CPU
		{E4D3D156-19ED-4374-95D1-034827F58AA3}.Release|Any CPU.ActiveCfg = Release|Any CPU
		{E4D3D156-19ED-4374-95D1-034827F58AA3}.Release|Any CPU.Build.0 = Release|Any CPU
		{626FFBCB-56F5-4D05-8684-3FD1047CC10D}.Debug|Any CPU.ActiveCfg = Debug|Any CPU
		{626FFBCB-56F5-4D05-8684-3FD1047CC10D}.Debug|Any CPU.Build.0 = Debug|Any CPU
		{626FFBCB-56F5-4D05-8684-3FD1047CC10D}.Release|Any CPU.ActiveCfg = Release|Any CPU
		{626FFBCB-56F5-4D05-8684-3FD1047CC10D}.Release|Any CPU.Build.0 = Release|Any CPU
		{5A27B031-152B-41D9-A3CF-338ED8BD2F56}.Debug|Any CPU.ActiveCfg = Debug|Any CPU
		{5A27B031-152B-41D9-A3CF-338ED8BD2F56}.Debug|Any CPU.Build.0 = Debug|Any CPU
		{5A27B031-152B-41D9-A3CF-338ED8BD2F56}.Release|Any CPU.ActiveCfg = Release|Any CPU
		{5A27B031-152B-41D9-A3CF-338ED8BD2F56}.Release|Any CPU.Build.0 = Release|Any CPU
		{D040108A-87B8-4FE0-8382-E0F6188DCED0}.Debug|Any CPU.ActiveCfg = Debug|Any CPU
		{D040108A-87B8-4FE0-8382-E0F6188DCED0}.Debug|Any CPU.Build.0 = Debug|Any CPU
		{D040108A-87B8-4FE0-8382-E0F6188DCED0}.Release|Any CPU.ActiveCfg = Release|Any CPU
		{D040108A-87B8-4FE0-8382-E0F6188DCED0}.Release|Any CPU.Build.0 = Release|Any CPU
		{DCC26633-19B0-4EA0-BD0C-CA401E151B67}.Debug|Any CPU.ActiveCfg = Debug|Any CPU
		{DCC26633-19B0-4EA0-BD0C-CA401E151B67}.Debug|Any CPU.Build.0 = Debug|Any CPU
		{DCC26633-19B0-4EA0-BD0C-CA401E151B67}.Release|Any CPU.ActiveCfg = Release|Any CPU
		{DCC26633-19B0-4EA0-BD0C-CA401E151B67}.Release|Any CPU.Build.0 = Release|Any CPU
		{3A8015FA-33B6-47E0-8454-71D8D7743F64}.Debug|Any CPU.ActiveCfg = Debug|Any CPU
		{3A8015FA-33B6-47E0-8454-71D8D7743F64}.Debug|Any CPU.Build.0 = Debug|Any CPU
		{3A8015FA-33B6-47E0-8454-71D8D7743F64}.Release|Any CPU.ActiveCfg = Release|Any CPU
		{3A8015FA-33B6-47E0-8454-71D8D7743F64}.Release|Any CPU.Build.0 = Release|Any CPU
		{10C5F335-D1BA-48E8-9A11-79586931F241}.Debug|Any CPU.ActiveCfg = Debug|Any CPU
		{10C5F335-D1BA-48E8-9A11-79586931F241}.Debug|Any CPU.Build.0 = Debug|Any CPU
		{10C5F335-D1BA-48E8-9A11-79586931F241}.Release|Any CPU.ActiveCfg = Release|Any CPU
		{10C5F335-D1BA-48E8-9A11-79586931F241}.Release|Any CPU.Build.0 = Release|Any CPU
		{532B188D-0E1B-496A-862A-9B36AE6BEEDF}.Debug|Any CPU.ActiveCfg = Debug|Any CPU
		{532B188D-0E1B-496A-862A-9B36AE6BEEDF}.Debug|Any CPU.Build.0 = Debug|Any CPU
		{532B188D-0E1B-496A-862A-9B36AE6BEEDF}.Release|Any CPU.ActiveCfg = Release|Any CPU
		{532B188D-0E1B-496A-862A-9B36AE6BEEDF}.Release|Any CPU.Build.0 = Release|Any CPU
		{BED4D483-95B5-45C7-90AD-78E6B7CC8BB4}.Debug|Any CPU.ActiveCfg = Debug|Any CPU
		{BED4D483-95B5-45C7-90AD-78E6B7CC8BB4}.Debug|Any CPU.Build.0 = Debug|Any CPU
		{BED4D483-95B5-45C7-90AD-78E6B7CC8BB4}.Release|Any CPU.ActiveCfg = Release|Any CPU
		{BED4D483-95B5-45C7-90AD-78E6B7CC8BB4}.Release|Any CPU.Build.0 = Release|Any CPU
		{EAF1911A-0649-46EE-AFBE-0EA9BDD71191}.Debug|Any CPU.ActiveCfg = Debug|Any CPU
		{EAF1911A-0649-46EE-AFBE-0EA9BDD71191}.Debug|Any CPU.Build.0 = Debug|Any CPU
		{EAF1911A-0649-46EE-AFBE-0EA9BDD71191}.Release|Any CPU.ActiveCfg = Release|Any CPU
		{EAF1911A-0649-46EE-AFBE-0EA9BDD71191}.Release|Any CPU.Build.0 = Release|Any CPU
		{A6A63B21-22FE-4771-A932-4C50C28BCA74}.Debug|Any CPU.ActiveCfg = Debug|Any CPU
		{A6A63B21-22FE-4771-A932-4C50C28BCA74}.Debug|Any CPU.Build.0 = Debug|Any CPU
		{A6A63B21-22FE-4771-A932-4C50C28BCA74}.Release|Any CPU.ActiveCfg = Release|Any CPU
		{A6A63B21-22FE-4771-A932-4C50C28BCA74}.Release|Any CPU.Build.0 = Release|Any CPU
		{D536AD3E-AF37-4CAF-A562-CA69ACD8723D}.Debug|Any CPU.ActiveCfg = Debug|Any CPU
		{D536AD3E-AF37-4CAF-A562-CA69ACD8723D}.Debug|Any CPU.Build.0 = Debug|Any CPU
		{D536AD3E-AF37-4CAF-A562-CA69ACD8723D}.Release|Any CPU.ActiveCfg = Release|Any CPU
		{D536AD3E-AF37-4CAF-A562-CA69ACD8723D}.Release|Any CPU.Build.0 = Release|Any CPU
		{46C267FA-EAD1-417B-AA98-E3480DE5E9FC}.Debug|Any CPU.ActiveCfg = Debug|Any CPU
		{46C267FA-EAD1-417B-AA98-E3480DE5E9FC}.Debug|Any CPU.Build.0 = Debug|Any CPU
		{46C267FA-EAD1-417B-AA98-E3480DE5E9FC}.Release|Any CPU.ActiveCfg = Release|Any CPU
		{46C267FA-EAD1-417B-AA98-E3480DE5E9FC}.Release|Any CPU.Build.0 = Release|Any CPU
		{E8C7222C-5CA1-47AB-A5BB-4150E8C2F6C2}.Debug|Any CPU.ActiveCfg = Debug|Any CPU
		{E8C7222C-5CA1-47AB-A5BB-4150E8C2F6C2}.Debug|Any CPU.Build.0 = Debug|Any CPU
		{E8C7222C-5CA1-47AB-A5BB-4150E8C2F6C2}.Release|Any CPU.ActiveCfg = Release|Any CPU
		{E8C7222C-5CA1-47AB-A5BB-4150E8C2F6C2}.Release|Any CPU.Build.0 = Release|Any CPU
		{F774B1D4-0FFD-47A4-A7E4-8B0A91DDBAEF}.Debug|Any CPU.ActiveCfg = Debug|Any CPU
		{F774B1D4-0FFD-47A4-A7E4-8B0A91DDBAEF}.Debug|Any CPU.Build.0 = Debug|Any CPU
		{F774B1D4-0FFD-47A4-A7E4-8B0A91DDBAEF}.Release|Any CPU.ActiveCfg = Release|Any CPU
		{F774B1D4-0FFD-47A4-A7E4-8B0A91DDBAEF}.Release|Any CPU.Build.0 = Release|Any CPU
		{CEE5CA73-37EB-42AE-A727-E5AB2173B3C7}.Debug|Any CPU.ActiveCfg = Debug|Any CPU
		{CEE5CA73-37EB-42AE-A727-E5AB2173B3C7}.Debug|Any CPU.Build.0 = Debug|Any CPU
		{CEE5CA73-37EB-42AE-A727-E5AB2173B3C7}.Release|Any CPU.ActiveCfg = Release|Any CPU
		{CEE5CA73-37EB-42AE-A727-E5AB2173B3C7}.Release|Any CPU.Build.0 = Release|Any CPU
		{56E2006E-12FD-4479-A8A1-DAD3FD4265F1}.Debug|Any CPU.ActiveCfg = Debug|Any CPU
		{56E2006E-12FD-4479-A8A1-DAD3FD4265F1}.Debug|Any CPU.Build.0 = Debug|Any CPU
		{56E2006E-12FD-4479-A8A1-DAD3FD4265F1}.Release|Any CPU.ActiveCfg = Release|Any CPU
		{56E2006E-12FD-4479-A8A1-DAD3FD4265F1}.Release|Any CPU.Build.0 = Release|Any CPU
		{DA84249D-4113-4BA3-93A7-9D9D531121DE}.Debug|Any CPU.ActiveCfg = Debug|Any CPU
		{DA84249D-4113-4BA3-93A7-9D9D531121DE}.Debug|Any CPU.Build.0 = Debug|Any CPU
		{DA84249D-4113-4BA3-93A7-9D9D531121DE}.Release|Any CPU.ActiveCfg = Release|Any CPU
		{DA84249D-4113-4BA3-93A7-9D9D531121DE}.Release|Any CPU.Build.0 = Release|Any CPU
		{F30B86AD-7158-4BE2-A319-197C26990844}.Debug|Any CPU.ActiveCfg = Debug|Any CPU
		{F30B86AD-7158-4BE2-A319-197C26990844}.Debug|Any CPU.Build.0 = Debug|Any CPU
		{F30B86AD-7158-4BE2-A319-197C26990844}.Release|Any CPU.ActiveCfg = Release|Any CPU
		{F30B86AD-7158-4BE2-A319-197C26990844}.Release|Any CPU.Build.0 = Release|Any CPU
		{A5078642-7AF3-4B39-AC6F-FB4AE9DD372A}.Debug|Any CPU.ActiveCfg = Debug|Any CPU
		{A5078642-7AF3-4B39-AC6F-FB4AE9DD372A}.Debug|Any CPU.Build.0 = Debug|Any CPU
		{A5078642-7AF3-4B39-AC6F-FB4AE9DD372A}.Release|Any CPU.ActiveCfg = Release|Any CPU
		{A5078642-7AF3-4B39-AC6F-FB4AE9DD372A}.Release|Any CPU.Build.0 = Release|Any CPU
		{6034C830-5CFA-4367-A3B1-FE22F3DEE4E3}.Debug|Any CPU.ActiveCfg = Debug|Any CPU
		{6034C830-5CFA-4367-A3B1-FE22F3DEE4E3}.Debug|Any CPU.Build.0 = Debug|Any CPU
		{6034C830-5CFA-4367-A3B1-FE22F3DEE4E3}.Release|Any CPU.ActiveCfg = Release|Any CPU
		{6034C830-5CFA-4367-A3B1-FE22F3DEE4E3}.Release|Any CPU.Build.0 = Release|Any CPU
		{5099DE4D-1F2B-4CEE-9867-95C890ED7DD8}.Debug|Any CPU.ActiveCfg = Debug|Any CPU
		{5099DE4D-1F2B-4CEE-9867-95C890ED7DD8}.Debug|Any CPU.Build.0 = Debug|Any CPU
		{5099DE4D-1F2B-4CEE-9867-95C890ED7DD8}.Release|Any CPU.ActiveCfg = Release|Any CPU
		{5099DE4D-1F2B-4CEE-9867-95C890ED7DD8}.Release|Any CPU.Build.0 = Release|Any CPU
		{588968C7-4D5E-48FA-865B-2EA30D7F115C}.Debug|Any CPU.ActiveCfg = Debug|Any CPU
		{588968C7-4D5E-48FA-865B-2EA30D7F115C}.Debug|Any CPU.Build.0 = Debug|Any CPU
		{588968C7-4D5E-48FA-865B-2EA30D7F115C}.Release|Any CPU.ActiveCfg = Release|Any CPU
		{588968C7-4D5E-48FA-865B-2EA30D7F115C}.Release|Any CPU.Build.0 = Release|Any CPU
		{B50E9907-5266-46FE-A5D3-343BB1E7C97B}.Debug|Any CPU.ActiveCfg = Debug|Any CPU
		{B50E9907-5266-46FE-A5D3-343BB1E7C97B}.Debug|Any CPU.Build.0 = Debug|Any CPU
		{B50E9907-5266-46FE-A5D3-343BB1E7C97B}.Release|Any CPU.ActiveCfg = Release|Any CPU
		{B50E9907-5266-46FE-A5D3-343BB1E7C97B}.Release|Any CPU.Build.0 = Release|Any CPU
		{772C22F3-047E-4D5F-9B11-CB8C5A8F59CA}.Debug|Any CPU.ActiveCfg = Debug|Any CPU
		{772C22F3-047E-4D5F-9B11-CB8C5A8F59CA}.Debug|Any CPU.Build.0 = Debug|Any CPU
		{772C22F3-047E-4D5F-9B11-CB8C5A8F59CA}.Release|Any CPU.ActiveCfg = Release|Any CPU
		{772C22F3-047E-4D5F-9B11-CB8C5A8F59CA}.Release|Any CPU.Build.0 = Release|Any CPU
		{9527FEE7-5887-4A8C-A6CA-B0483C1E5A1C}.Debug|Any CPU.ActiveCfg = Debug|Any CPU
		{9527FEE7-5887-4A8C-A6CA-B0483C1E5A1C}.Debug|Any CPU.Build.0 = Debug|Any CPU
		{9527FEE7-5887-4A8C-A6CA-B0483C1E5A1C}.Release|Any CPU.ActiveCfg = Release|Any CPU
		{9527FEE7-5887-4A8C-A6CA-B0483C1E5A1C}.Release|Any CPU.Build.0 = Release|Any CPU
		{10425D22-F332-4B21-9C98-E01848C5E18E}.Debug|Any CPU.ActiveCfg = Debug|Any CPU
		{10425D22-F332-4B21-9C98-E01848C5E18E}.Debug|Any CPU.Build.0 = Debug|Any CPU
		{10425D22-F332-4B21-9C98-E01848C5E18E}.Release|Any CPU.ActiveCfg = Release|Any CPU
		{10425D22-F332-4B21-9C98-E01848C5E18E}.Release|Any CPU.Build.0 = Release|Any CPU
		{5228BAD7-908C-4A0F-9BC3-3885CB0B75C8}.Debug|Any CPU.ActiveCfg = Debug|Any CPU
		{5228BAD7-908C-4A0F-9BC3-3885CB0B75C8}.Debug|Any CPU.Build.0 = Debug|Any CPU
		{5228BAD7-908C-4A0F-9BC3-3885CB0B75C8}.Release|Any CPU.ActiveCfg = Release|Any CPU
		{5228BAD7-908C-4A0F-9BC3-3885CB0B75C8}.Release|Any CPU.Build.0 = Release|Any CPU
		{4783CB02-D83D-4AC5-9ECD-588834BBBD44}.Debug|Any CPU.ActiveCfg = Debug|Any CPU
		{4783CB02-D83D-4AC5-9ECD-588834BBBD44}.Debug|Any CPU.Build.0 = Debug|Any CPU
		{4783CB02-D83D-4AC5-9ECD-588834BBBD44}.Release|Any CPU.ActiveCfg = Release|Any CPU
		{4783CB02-D83D-4AC5-9ECD-588834BBBD44}.Release|Any CPU.Build.0 = Release|Any CPU
		{C7C3D248-102F-4EC7-A64D-7CAA1F8E6E17}.Debug|Any CPU.ActiveCfg = Debug|Any CPU
		{C7C3D248-102F-4EC7-A64D-7CAA1F8E6E17}.Debug|Any CPU.Build.0 = Debug|Any CPU
		{C7C3D248-102F-4EC7-A64D-7CAA1F8E6E17}.Release|Any CPU.ActiveCfg = Release|Any CPU
		{C7C3D248-102F-4EC7-A64D-7CAA1F8E6E17}.Release|Any CPU.Build.0 = Release|Any CPU
		{65A29E6C-8DBE-441F-B45F-ED5FF1B1298A}.Debug|Any CPU.ActiveCfg = Debug|Any CPU
		{65A29E6C-8DBE-441F-B45F-ED5FF1B1298A}.Debug|Any CPU.Build.0 = Debug|Any CPU
		{65A29E6C-8DBE-441F-B45F-ED5FF1B1298A}.Release|Any CPU.ActiveCfg = Release|Any CPU
		{65A29E6C-8DBE-441F-B45F-ED5FF1B1298A}.Release|Any CPU.Build.0 = Release|Any CPU
		{D9BF74F8-24AA-4D94-A4D6-C6649DF5AA7E}.Debug|Any CPU.ActiveCfg = Debug|Any CPU
		{D9BF74F8-24AA-4D94-A4D6-C6649DF5AA7E}.Debug|Any CPU.Build.0 = Debug|Any CPU
		{D9BF74F8-24AA-4D94-A4D6-C6649DF5AA7E}.Release|Any CPU.ActiveCfg = Release|Any CPU
		{D9BF74F8-24AA-4D94-A4D6-C6649DF5AA7E}.Release|Any CPU.Build.0 = Release|Any CPU
		{8EA96C40-E6CB-4490-8AAA-EB5CD9AEA1A0}.Debug|Any CPU.ActiveCfg = Debug|Any CPU
		{8EA96C40-E6CB-4490-8AAA-EB5CD9AEA1A0}.Debug|Any CPU.Build.0 = Debug|Any CPU
		{8EA96C40-E6CB-4490-8AAA-EB5CD9AEA1A0}.Release|Any CPU.ActiveCfg = Release|Any CPU
		{8EA96C40-E6CB-4490-8AAA-EB5CD9AEA1A0}.Release|Any CPU.Build.0 = Release|Any CPU
		{FB070843-356C-49CC-8216-ED02C319F97D}.Debug|Any CPU.ActiveCfg = Debug|Any CPU
		{FB070843-356C-49CC-8216-ED02C319F97D}.Debug|Any CPU.Build.0 = Debug|Any CPU
		{FB070843-356C-49CC-8216-ED02C319F97D}.Release|Any CPU.ActiveCfg = Release|Any CPU
		{FB070843-356C-49CC-8216-ED02C319F97D}.Release|Any CPU.Build.0 = Release|Any CPU
		{E39D5A9D-EAB9-4916-8FE1-D7959A39D766}.Debug|Any CPU.ActiveCfg = Debug|Any CPU
		{E39D5A9D-EAB9-4916-8FE1-D7959A39D766}.Debug|Any CPU.Build.0 = Debug|Any CPU
		{E39D5A9D-EAB9-4916-8FE1-D7959A39D766}.Release|Any CPU.ActiveCfg = Release|Any CPU
		{E39D5A9D-EAB9-4916-8FE1-D7959A39D766}.Release|Any CPU.Build.0 = Release|Any CPU
		{78C38920-C23E-426E-8015-3CFAEF834AAF}.Debug|Any CPU.ActiveCfg = Debug|Any CPU
		{78C38920-C23E-426E-8015-3CFAEF834AAF}.Debug|Any CPU.Build.0 = Debug|Any CPU
		{78C38920-C23E-426E-8015-3CFAEF834AAF}.Release|Any CPU.ActiveCfg = Release|Any CPU
		{78C38920-C23E-426E-8015-3CFAEF834AAF}.Release|Any CPU.Build.0 = Release|Any CPU
		{CE41C528-04E8-4F5A-86CE-CC94D8B9D0CD}.Debug|Any CPU.ActiveCfg = Debug|Any CPU
		{CE41C528-04E8-4F5A-86CE-CC94D8B9D0CD}.Debug|Any CPU.Build.0 = Debug|Any CPU
		{CE41C528-04E8-4F5A-86CE-CC94D8B9D0CD}.Release|Any CPU.ActiveCfg = Release|Any CPU
		{CE41C528-04E8-4F5A-86CE-CC94D8B9D0CD}.Release|Any CPU.Build.0 = Release|Any CPU
		{2BB0A260-1063-4794-9BB9-AA3F7B54C05E}.Debug|Any CPU.ActiveCfg = Debug|Any CPU
		{2BB0A260-1063-4794-9BB9-AA3F7B54C05E}.Debug|Any CPU.Build.0 = Debug|Any CPU
		{2BB0A260-1063-4794-9BB9-AA3F7B54C05E}.Release|Any CPU.ActiveCfg = Release|Any CPU
		{2BB0A260-1063-4794-9BB9-AA3F7B54C05E}.Release|Any CPU.Build.0 = Release|Any CPU
		{0FBB32B8-68AB-4BD4-BB8A-570293DA70F8}.Debug|Any CPU.ActiveCfg = Debug|Any CPU
		{0FBB32B8-68AB-4BD4-BB8A-570293DA70F8}.Debug|Any CPU.Build.0 = Debug|Any CPU
		{0FBB32B8-68AB-4BD4-BB8A-570293DA70F8}.Release|Any CPU.ActiveCfg = Release|Any CPU
		{0FBB32B8-68AB-4BD4-BB8A-570293DA70F8}.Release|Any CPU.Build.0 = Release|Any CPU
		{774CF9D7-9AE1-4261-A6A0-C4E04E96F238}.Debug|Any CPU.ActiveCfg = Debug|Any CPU
		{774CF9D7-9AE1-4261-A6A0-C4E04E96F238}.Debug|Any CPU.Build.0 = Debug|Any CPU
		{774CF9D7-9AE1-4261-A6A0-C4E04E96F238}.Release|Any CPU.ActiveCfg = Release|Any CPU
		{774CF9D7-9AE1-4261-A6A0-C4E04E96F238}.Release|Any CPU.Build.0 = Release|Any CPU
		{5D152ED9-A928-48F9-B99D-5FF0976FA2CE}.Debug|Any CPU.ActiveCfg = Debug|Any CPU
		{5D152ED9-A928-48F9-B99D-5FF0976FA2CE}.Debug|Any CPU.Build.0 = Debug|Any CPU
		{5D152ED9-A928-48F9-B99D-5FF0976FA2CE}.Release|Any CPU.ActiveCfg = Release|Any CPU
		{5D152ED9-A928-48F9-B99D-5FF0976FA2CE}.Release|Any CPU.Build.0 = Release|Any CPU
		{A46B56E3-1C23-4BD1-8661-66728843B4D2}.Debug|Any CPU.ActiveCfg = Debug|Any CPU
		{A46B56E3-1C23-4BD1-8661-66728843B4D2}.Debug|Any CPU.Build.0 = Debug|Any CPU
		{A46B56E3-1C23-4BD1-8661-66728843B4D2}.Release|Any CPU.ActiveCfg = Release|Any CPU
		{A46B56E3-1C23-4BD1-8661-66728843B4D2}.Release|Any CPU.Build.0 = Release|Any CPU
		{937820C9-3728-44EE-9949-9D87087D02B7}.Debug|Any CPU.ActiveCfg = Debug|Any CPU
		{937820C9-3728-44EE-9949-9D87087D02B7}.Debug|Any CPU.Build.0 = Debug|Any CPU
		{937820C9-3728-44EE-9949-9D87087D02B7}.Release|Any CPU.ActiveCfg = Release|Any CPU
		{937820C9-3728-44EE-9949-9D87087D02B7}.Release|Any CPU.Build.0 = Release|Any CPU
		{4430271D-E254-44A0-8970-60100A5622C3}.Debug|Any CPU.ActiveCfg = Debug|Any CPU
		{4430271D-E254-44A0-8970-60100A5622C3}.Debug|Any CPU.Build.0 = Debug|Any CPU
		{4430271D-E254-44A0-8970-60100A5622C3}.Release|Any CPU.ActiveCfg = Release|Any CPU
		{4430271D-E254-44A0-8970-60100A5622C3}.Release|Any CPU.Build.0 = Release|Any CPU
		{4CC1A18A-9FF6-4F7E-8FA6-A472DDC409EB}.Debug|Any CPU.ActiveCfg = Debug|Any CPU
		{4CC1A18A-9FF6-4F7E-8FA6-A472DDC409EB}.Debug|Any CPU.Build.0 = Debug|Any CPU
		{4CC1A18A-9FF6-4F7E-8FA6-A472DDC409EB}.Release|Any CPU.ActiveCfg = Release|Any CPU
		{4CC1A18A-9FF6-4F7E-8FA6-A472DDC409EB}.Release|Any CPU.Build.0 = Release|Any CPU
		{B720F68A-09EE-44A4-9912-612FB275C735}.Debug|Any CPU.ActiveCfg = Debug|Any CPU
		{B720F68A-09EE-44A4-9912-612FB275C735}.Debug|Any CPU.Build.0 = Debug|Any CPU
		{B720F68A-09EE-44A4-9912-612FB275C735}.Release|Any CPU.ActiveCfg = Release|Any CPU
		{B720F68A-09EE-44A4-9912-612FB275C735}.Release|Any CPU.Build.0 = Release|Any CPU
	EndGlobalSection
	GlobalSection(SolutionProperties) = preSolution
		HideSolutionNode = FALSE
	EndGlobalSection
	GlobalSection(NestedProjects) = preSolution
		{2B8977A9-0B51-4977-871F-6AFAE6539AF3} = {9C236CFF-981B-4B20-A336-2B0B09869516}
		{F22F2E32-112F-4146-893C-52C6A0C9908E} = {9C236CFF-981B-4B20-A336-2B0B09869516}
		{D72F0613-2022-46F8-8CF3-F0668A9764FA} = {9C236CFF-981B-4B20-A336-2B0B09869516}
		{D2FDCD37-CA5E-4558-B723-4DD8905860EF} = {9C236CFF-981B-4B20-A336-2B0B09869516}
		{98CAC6ED-A09E-4834-9FD6-A9D6A1F1E1E0} = {9C236CFF-981B-4B20-A336-2B0B09869516}
		{08697DC9-9B9B-40D2-B2AD-B5DB9F003037} = {9C236CFF-981B-4B20-A336-2B0B09869516}
		{7AF2E4BF-783E-49DF-A00E-CD4EA36AAD84} = {D81AAB52-F512-43C1-A56F-54174F925CF0}
		{C03B4255-C253-45BD-8DD9-D0C6E283E388} = {D81AAB52-F512-43C1-A56F-54174F925CF0}
		{B772E6FD-7EFC-4DFE-8EBA-525C97C7DDD1} = {D81AAB52-F512-43C1-A56F-54174F925CF0}
		{2752440A-61CC-465A-BF78-CAD2B1248609} = {23289A0A-D98E-4EE3-BB8A-C1F3D6C2B443}
		{3D5A3D88-E50D-4610-8E20-6817B3F63E8C} = {23289A0A-D98E-4EE3-BB8A-C1F3D6C2B443}
		{7D6591D3-D27F-4BFD-8D03-075516D47C07} = {23289A0A-D98E-4EE3-BB8A-C1F3D6C2B443}
		{0BE23DAC-03BA-4C81-8CC8-30EBE1FAA7E5} = {686CF1F2-209F-424C-9F34-BED66AD58721}
		{EB82E67B-179C-4ECF-AD19-8147DB21344D} = {686CF1F2-209F-424C-9F34-BED66AD58721}
		{B8C61BF1-E91C-4ACE-9E96-09402841AB17} = {686CF1F2-209F-424C-9F34-BED66AD58721}
		{F2E63557-3627-487F-B0C8-945E3DB116C5} = {686CF1F2-209F-424C-9F34-BED66AD58721}
		{2153A24D-E824-4D9D-932B-568E24204EC3} = {686CF1F2-209F-424C-9F34-BED66AD58721}
		{E0CF7C14-8BB4-4876-956B-EFCA1E2D54DD} = {686CF1F2-209F-424C-9F34-BED66AD58721}
		{01C6A1AA-F918-479F-8999-68914EA4BFD4} = {686CF1F2-209F-424C-9F34-BED66AD58721}
		{07766570-2066-46C9-86D9-DB48FCABC72F} = {686CF1F2-209F-424C-9F34-BED66AD58721}
		{2309D2E6-F734-4BD0-8152-C162038FEEC3} = {85D0B39C-1C2F-4673-A356-6827DAACA2AC}
		{6F0EFF86-0CD8-4E2E-8B07-A409BE2A3D58} = {85D0B39C-1C2F-4673-A356-6827DAACA2AC}
		{D749EC19-8529-4900-84BA-BA273F415DAB} = {85D0B39C-1C2F-4673-A356-6827DAACA2AC}
		{2A7B3908-F5A3-4638-8ACE-F1BF24CFDDA4} = {85D0B39C-1C2F-4673-A356-6827DAACA2AC}
		{9E2DB061-7B18-404A-BA75-CA65A4BE314E} = {85D0B39C-1C2F-4673-A356-6827DAACA2AC}
		{93778F21-FAE4-42FE-AC8D-1D2975E67D5F} = {85D0B39C-1C2F-4673-A356-6827DAACA2AC}
		{D667C34A-406A-40F3-B39B-F234CB91CD24} = {85D0B39C-1C2F-4673-A356-6827DAACA2AC}
		{713C3219-82C4-489B-9D0C-3400D02F1AA8} = {EBE3CEB1-2DCD-4960-8DDC-1EB3915C2C5D}
		{222D6A99-021E-40FF-AABE-E0653D7B719A} = {EBE3CEB1-2DCD-4960-8DDC-1EB3915C2C5D}
		{456B8693-1172-4C2C-9547-0F377BEE9E9B} = {EBE3CEB1-2DCD-4960-8DDC-1EB3915C2C5D}
		{89128DB2-8A0C-4241-A692-F9AB710DB7D1} = {EBE3CEB1-2DCD-4960-8DDC-1EB3915C2C5D}
		{5AEEF1C1-E7A4-4E75-8B75-528B81BA7EC4} = {EBE3CEB1-2DCD-4960-8DDC-1EB3915C2C5D}
		{033D8412-90D6-4571-B6D7-5E8763427E29} = {EBE3CEB1-2DCD-4960-8DDC-1EB3915C2C5D}
		{6759A110-62F6-4529-950F-7D20AC87761C} = {EBE3CEB1-2DCD-4960-8DDC-1EB3915C2C5D}
		{EFEF5AA7-BEEF-4681-B856-970EBCB31A19} = {EBE3CEB1-2DCD-4960-8DDC-1EB3915C2C5D}
		{151F59DF-8059-4A06-8595-B8DFACD7701D} = {EBE3CEB1-2DCD-4960-8DDC-1EB3915C2C5D}
		{145ED87D-974D-4610-8A3E-75E85A42430C} = {EBE3CEB1-2DCD-4960-8DDC-1EB3915C2C5D}
		{5915C4D1-0542-46C5-B4E8-D4B818397E3B} = {78314AAD-9453-4116-8F8B-6D36439559C4}
		{7832BDE1-6966-4C07-91A4-06BF10AD4AB7} = {78314AAD-9453-4116-8F8B-6D36439559C4}
		{BBE90D54-F34F-414B-8F75-C8CBF06D25F0} = {78314AAD-9453-4116-8F8B-6D36439559C4}
		{445F4578-A9CF-4248-82B8-E488A5DE0A52} = {78314AAD-9453-4116-8F8B-6D36439559C4}
		{D902C1C2-9650-4AEC-8A56-E7DB8FA04194} = {78314AAD-9453-4116-8F8B-6D36439559C4}
		{FEDAC717-A8EC-4284-86F5-5FF237373753} = {78314AAD-9453-4116-8F8B-6D36439559C4}
		{9043A6B5-BA59-4295-8C9A-6F7997C803E3} = {85D0B39C-1C2F-4673-A356-6827DAACA2AC}
		{AF081A7A-E495-46A5-B4A6-A0A16AFE85C2} = {686CF1F2-209F-424C-9F34-BED66AD58721}
		{4B4D50E1-A73E-4DB4-AD16-1C18529E8E7F} = {686CF1F2-209F-424C-9F34-BED66AD58721}
		{C5A9478D-8E14-43DB-9256-FC3E128BA261} = {EBE3CEB1-2DCD-4960-8DDC-1EB3915C2C5D}
		{067CB4BB-0A30-4BF6-ACEB-C37910D44A91} = {78314AAD-9453-4116-8F8B-6D36439559C4}
		{F459A58D-544D-4EC9-9938-93C31F682886} = {686CF1F2-209F-424C-9F34-BED66AD58721}
		{2084780D-F688-4EA8-A8CA-EAA6DC86683F} = {78314AAD-9453-4116-8F8B-6D36439559C4}
		{FDF73E07-8F24-44E0-B2D4-4E3441FC52D0} = {78314AAD-9453-4116-8F8B-6D36439559C4}
		{786E2A9D-F463-45DD-8586-B9EBAB93F7A2} = {78314AAD-9453-4116-8F8B-6D36439559C4}
		{57139643-4CBD-4DB4-ABBE-A40E45C8474F} = {78314AAD-9453-4116-8F8B-6D36439559C4}
		{54516373-ECB5-44DC-B4E7-A4BDED274320} = {78314AAD-9453-4116-8F8B-6D36439559C4}
		{86FD8E54-A46E-4F88-A259-FA866D02C4CB} = {7826580B-9722-400D-9A7F-2026ADA3AFA4}
		{865F36EE-A991-4C53-A2BD-2B9B05500801} = {8A43900F-01A5-4E7C-9D78-A608FC7AAA80}
		{E61D9367-DDD1-4C92-B23B-6BDA3008B740} = {8A43900F-01A5-4E7C-9D78-A608FC7AAA80}
		{707862D6-7DAF-4E1E-B822-8EA164EC88B0} = {8A43900F-01A5-4E7C-9D78-A608FC7AAA80}
		{F4EF8EF0-4668-4557-A26B-E2BF8CC02A2E} = {8A43900F-01A5-4E7C-9D78-A608FC7AAA80}
		{D1C5ACA4-E6AF-42B7-B174-24448356D17B} = {8A43900F-01A5-4E7C-9D78-A608FC7AAA80}
		{4C4CB2F2-08F2-4F3D-9CCD-0706A59543F7} = {8A43900F-01A5-4E7C-9D78-A608FC7AAA80}
		{B7C4DFC6-BD7A-43FD-8B13-45DAE56A7BA6} = {8A43900F-01A5-4E7C-9D78-A608FC7AAA80}
		{7009DB40-2C2B-4AE8-B7A5-3F8F34148B5C} = {8A43900F-01A5-4E7C-9D78-A608FC7AAA80}
		{4F717063-22F4-4111-ACE4-3968F18D9C45} = {8A43900F-01A5-4E7C-9D78-A608FC7AAA80}
		{13AB3E99-2353-4B25-AEA1-C6057712BB94} = {8A43900F-01A5-4E7C-9D78-A608FC7AAA80}
		{6F30B392-5443-4AA7-81E9-C711E9521FD1} = {8A43900F-01A5-4E7C-9D78-A608FC7AAA80}
		{E71FF8A7-B24E-4102-BC95-C65905C45CBA} = {8A43900F-01A5-4E7C-9D78-A608FC7AAA80}
		{E4D3D156-19ED-4374-95D1-034827F58AA3} = {8A43900F-01A5-4E7C-9D78-A608FC7AAA80}
		{626FFBCB-56F5-4D05-8684-3FD1047CC10D} = {2DCA4D2B-5ECF-47C5-B42B-B8BE05F97021}
		{5A27B031-152B-41D9-A3CF-338ED8BD2F56} = {2DCA4D2B-5ECF-47C5-B42B-B8BE05F97021}
		{D040108A-87B8-4FE0-8382-E0F6188DCED0} = {2DCA4D2B-5ECF-47C5-B42B-B8BE05F97021}
		{DCC26633-19B0-4EA0-BD0C-CA401E151B67} = {2DCA4D2B-5ECF-47C5-B42B-B8BE05F97021}
		{3A8015FA-33B6-47E0-8454-71D8D7743F64} = {2DCA4D2B-5ECF-47C5-B42B-B8BE05F97021}
		{10C5F335-D1BA-48E8-9A11-79586931F241} = {2DCA4D2B-5ECF-47C5-B42B-B8BE05F97021}
		{532B188D-0E1B-496A-862A-9B36AE6BEEDF} = {2DCA4D2B-5ECF-47C5-B42B-B8BE05F97021}
		{BED4D483-95B5-45C7-90AD-78E6B7CC8BB4} = {2DCA4D2B-5ECF-47C5-B42B-B8BE05F97021}
		{EAF1911A-0649-46EE-AFBE-0EA9BDD71191} = {2DCA4D2B-5ECF-47C5-B42B-B8BE05F97021}
		{A6A63B21-22FE-4771-A932-4C50C28BCA74} = {2DCA4D2B-5ECF-47C5-B42B-B8BE05F97021}
		{D536AD3E-AF37-4CAF-A562-CA69ACD8723D} = {2DCA4D2B-5ECF-47C5-B42B-B8BE05F97021}
		{46C267FA-EAD1-417B-AA98-E3480DE5E9FC} = {2DCA4D2B-5ECF-47C5-B42B-B8BE05F97021}
		{E8C7222C-5CA1-47AB-A5BB-4150E8C2F6C2} = {2DCA4D2B-5ECF-47C5-B42B-B8BE05F97021}
		{F774B1D4-0FFD-47A4-A7E4-8B0A91DDBAEF} = {85D0B39C-1C2F-4673-A356-6827DAACA2AC}
		{CEE5CA73-37EB-42AE-A727-E5AB2173B3C7} = {85D0B39C-1C2F-4673-A356-6827DAACA2AC}
		{56E2006E-12FD-4479-A8A1-DAD3FD4265F1} = {85D0B39C-1C2F-4673-A356-6827DAACA2AC}
		{DA84249D-4113-4BA3-93A7-9D9D531121DE} = {85D0B39C-1C2F-4673-A356-6827DAACA2AC}
		{F30B86AD-7158-4BE2-A319-197C26990844} = {DF73CADB-B6A0-4DC7-97B7-4607DC898607}
		{A5078642-7AF3-4B39-AC6F-FB4AE9DD372A} = {DF73CADB-B6A0-4DC7-97B7-4607DC898607}
		{6034C830-5CFA-4367-A3B1-FE22F3DEE4E3} = {DF73CADB-B6A0-4DC7-97B7-4607DC898607}
		{5099DE4D-1F2B-4CEE-9867-95C890ED7DD8} = {DF73CADB-B6A0-4DC7-97B7-4607DC898607}
		{588968C7-4D5E-48FA-865B-2EA30D7F115C} = {DF73CADB-B6A0-4DC7-97B7-4607DC898607}
		{B50E9907-5266-46FE-A5D3-343BB1E7C97B} = {DF73CADB-B6A0-4DC7-97B7-4607DC898607}
		{772C22F3-047E-4D5F-9B11-CB8C5A8F59CA} = {31C24038-28E9-4FF6-B35C-5CB3F0EFD901}
		{9527FEE7-5887-4A8C-A6CA-B0483C1E5A1C} = {31C24038-28E9-4FF6-B35C-5CB3F0EFD901}
		{10425D22-F332-4B21-9C98-E01848C5E18E} = {31C24038-28E9-4FF6-B35C-5CB3F0EFD901}
		{5228BAD7-908C-4A0F-9BC3-3885CB0B75C8} = {31C24038-28E9-4FF6-B35C-5CB3F0EFD901}
		{4783CB02-D83D-4AC5-9ECD-588834BBBD44} = {31C24038-28E9-4FF6-B35C-5CB3F0EFD901}
		{C7C3D248-102F-4EC7-A64D-7CAA1F8E6E17} = {31C24038-28E9-4FF6-B35C-5CB3F0EFD901}
		{65A29E6C-8DBE-441F-B45F-ED5FF1B1298A} = {258B60FD-7757-4F20-BBB9-B476178B5312}
		{D9BF74F8-24AA-4D94-A4D6-C6649DF5AA7E} = {258B60FD-7757-4F20-BBB9-B476178B5312}
		{8EA96C40-E6CB-4490-8AAA-EB5CD9AEA1A0} = {258B60FD-7757-4F20-BBB9-B476178B5312}
		{FB070843-356C-49CC-8216-ED02C319F97D} = {258B60FD-7757-4F20-BBB9-B476178B5312}
		{E39D5A9D-EAB9-4916-8FE1-D7959A39D766} = {258B60FD-7757-4F20-BBB9-B476178B5312}
		{78C38920-C23E-426E-8015-3CFAEF834AAF} = {0D459258-06A2-4034-8B0C-4085B008EA96}
		{CE41C528-04E8-4F5A-86CE-CC94D8B9D0CD} = {0D459258-06A2-4034-8B0C-4085B008EA96}
		{2BB0A260-1063-4794-9BB9-AA3F7B54C05E} = {53C3342B-AE86-427E-892F-6EF05404C1CC}
		{0FBB32B8-68AB-4BD4-BB8A-570293DA70F8} = {53C3342B-AE86-427E-892F-6EF05404C1CC}
		{774CF9D7-9AE1-4261-A6A0-C4E04E96F238} = {53C3342B-AE86-427E-892F-6EF05404C1CC}
		{5D152ED9-A928-48F9-B99D-5FF0976FA2CE} = {53C3342B-AE86-427E-892F-6EF05404C1CC}
		{A46B56E3-1C23-4BD1-8661-66728843B4D2} = {53C3342B-AE86-427E-892F-6EF05404C1CC}
		{937820C9-3728-44EE-9949-9D87087D02B7} = {53C3342B-AE86-427E-892F-6EF05404C1CC}
		{4430271D-E254-44A0-8970-60100A5622C3} = {53C3342B-AE86-427E-892F-6EF05404C1CC}
		{4CC1A18A-9FF6-4F7E-8FA6-A472DDC409EB} = {53C3342B-AE86-427E-892F-6EF05404C1CC}
		{B720F68A-09EE-44A4-9912-612FB275C735} = {53C3342B-AE86-427E-892F-6EF05404C1CC}
	EndGlobalSection
	GlobalSection(ExtensibilityGlobals) = postSolution
		SolutionGuid = {7C730EFF-7960-4F2C-A096-085067AE339F}
	EndGlobalSection
EndGlobal
