
Microsoft Visual Studio Solution File, Format Version 12.00
# Visual Studio Version 17
VisualStudioVersion = 17.8.34511.84
MinimumVisualStudioVersion = 10.0.40219.1
Project("{FAE04EC0-301F-11D3-BF4B-00C04F79EFBC}") = "FirstApps", "FirstApps\FirstApps.csproj", "{5E5C90F5-6490-4229-B075-2BAA9EF6BD60}"
EndProject
Project("{FAE04EC0-301F-11D3-BF4B-00C04F79EFBC}") = "TheMainMethod", "TheMainMethod\TheMainMethod.csproj", "{C8D3C854-1C5E-47E4-A83A-BAD9B89D5E43}"
EndProject
Project("{FAE04EC0-301F-11D3-BF4B-00C04F79EFBC}") = "MainWithCommandArgs", "MainWithCommandArgs\MainWithCommandArgs.csproj", "{A9096F34-378D-4652-AC2F-10F1865E7322}"
EndProject
Project("{FAE04EC0-301F-11D3-BF4B-00C04F79EFBC}") = "MainWithReturnValue", "MainWithReturnValue\MainWithReturnValue.csproj", "{4D10CD9E-1ABA-4990-89AA-77BC7A543DC4}"
EndProject
Project("{FAE04EC0-301F-11D3-BF4B-00C04F79EFBC}") = "ConsoleAppExplain", "ConsoleAppExplain\ConsoleAppExplain.csproj", "{C43D5027-9450-4EFB-86D4-94A00E126ADA}"
EndProject
Project("{2150E333-8FDC-42A3-9474-1A3956D46DE8}") = "DataTypes", "DataTypes", "{9C236CFF-981B-4B20-A336-2B0B09869516}"
EndProject
Project("{FAE04EC0-301F-11D3-BF4B-00C04F79EFBC}") = "BasicDataTypes", "DataTypes\BasicDataTypes\BasicDataTypes.csproj", "{383E9377-6322-4840-B98D-269BCD52C9F1}"
EndProject
Project("{FAE04EC0-301F-11D3-BF4B-00C04F79EFBC}") = "BasicTypesAliases", "BasicTypesaAliases\BasicTypesAliases.csproj", "{7421021C-233F-4FD5-8498-8F249E5F9966}"
EndProject
Project("{FAE04EC0-301F-11D3-BF4B-00C04F79EFBC}") = "ValueTypes", "ValueTypes\ValueTypes.csproj", "{D9D203E3-1480-4FD3-ACCB-3300B3333905}"
EndProject
Project("{FAE04EC0-301F-11D3-BF4B-00C04F79EFBC}") = "ObjectClass", "ObjectClass\ObjectClass.csproj", "{48058BE4-1FA5-4B7E-8A63-CA02970C00D8}"
EndProject
Global
	GlobalSection(SolutionConfigurationPlatforms) = preSolution
		Debug|Any CPU = Debug|Any CPU
		Release|Any CPU = Release|Any CPU
	EndGlobalSection
	GlobalSection(ProjectConfigurationPlatforms) = postSolution
		{5E5C90F5-6490-4229-B075-2BAA9EF6BD60}.Debug|Any CPU.ActiveCfg = Debug|Any CPU
		{5E5C90F5-6490-4229-B075-2BAA9EF6BD60}.Debug|Any CPU.Build.0 = Debug|Any CPU
		{5E5C90F5-6490-4229-B075-2BAA9EF6BD60}.Release|Any CPU.ActiveCfg = Release|Any CPU
		{5E5C90F5-6490-4229-B075-2BAA9EF6BD60}.Release|Any CPU.Build.0 = Release|Any CPU
		{C8D3C854-1C5E-47E4-A83A-BAD9B89D5E43}.Debug|Any CPU.ActiveCfg = Debug|Any CPU
		{C8D3C854-1C5E-47E4-A83A-BAD9B89D5E43}.Debug|Any CPU.Build.0 = Debug|Any CPU
		{C8D3C854-1C5E-47E4-A83A-BAD9B89D5E43}.Release|Any CPU.ActiveCfg = Release|Any CPU
		{C8D3C854-1C5E-47E4-A83A-BAD9B89D5E43}.Release|Any CPU.Build.0 = Release|Any CPU
		{A9096F34-378D-4652-AC2F-10F1865E7322}.Debug|Any CPU.ActiveCfg = Debug|Any CPU
		{A9096F34-378D-4652-AC2F-10F1865E7322}.Debug|Any CPU.Build.0 = Debug|Any CPU
		{A9096F34-378D-4652-AC2F-10F1865E7322}.Release|Any CPU.ActiveCfg = Release|Any CPU
		{A9096F34-378D-4652-AC2F-10F1865E7322}.Release|Any CPU.Build.0 = Release|Any CPU
		{4D10CD9E-1ABA-4990-89AA-77BC7A543DC4}.Debug|Any CPU.ActiveCfg = Debug|Any CPU
		{4D10CD9E-1ABA-4990-89AA-77BC7A543DC4}.Debug|Any CPU.Build.0 = Debug|Any CPU
		{4D10CD9E-1ABA-4990-89AA-77BC7A543DC4}.Release|Any CPU.ActiveCfg = Release|Any CPU
		{4D10CD9E-1ABA-4990-89AA-77BC7A543DC4}.Release|Any CPU.Build.0 = Release|Any CPU
		{C43D5027-9450-4EFB-86D4-94A00E126ADA}.Debug|Any CPU.ActiveCfg = Debug|Any CPU
		{C43D5027-9450-4EFB-86D4-94A00E126ADA}.Debug|Any CPU.Build.0 = Debug|Any CPU
		{C43D5027-9450-4EFB-86D4-94A00E126ADA}.Release|Any CPU.ActiveCfg = Release|Any CPU
		{C43D5027-9450-4EFB-86D4-94A00E126ADA}.Release|Any CPU.Build.0 = Release|Any CPU
		{383E9377-6322-4840-B98D-269BCD52C9F1}.Debug|Any CPU.ActiveCfg = Debug|Any CPU
		{383E9377-6322-4840-B98D-269BCD52C9F1}.Debug|Any CPU.Build.0 = Debug|Any CPU
		{383E9377-6322-4840-B98D-269BCD52C9F1}.Release|Any CPU.ActiveCfg = Release|Any CPU
		{383E9377-6322-4840-B98D-269BCD52C9F1}.Release|Any CPU.Build.0 = Release|Any CPU
		{7421021C-233F-4FD5-8498-8F249E5F9966}.Debug|Any CPU.ActiveCfg = Debug|Any CPU
		{7421021C-233F-4FD5-8498-8F249E5F9966}.Debug|Any CPU.Build.0 = Debug|Any CPU
		{7421021C-233F-4FD5-8498-8F249E5F9966}.Release|Any CPU.ActiveCfg = Release|Any CPU
		{7421021C-233F-4FD5-8498-8F249E5F9966}.Release|Any CPU.Build.0 = Release|Any CPU
		{D9D203E3-1480-4FD3-ACCB-3300B3333905}.Debug|Any CPU.ActiveCfg = Debug|Any CPU
		{D9D203E3-1480-4FD3-ACCB-3300B3333905}.Debug|Any CPU.Build.0 = Debug|Any CPU
		{D9D203E3-1480-4FD3-ACCB-3300B3333905}.Release|Any CPU.ActiveCfg = Release|Any CPU
		{D9D203E3-1480-4FD3-ACCB-3300B3333905}.Release|Any CPU.Build.0 = Release|Any CPU
		{48058BE4-1FA5-4B7E-8A63-CA02970C00D8}.Debug|Any CPU.ActiveCfg = Debug|Any CPU
		{48058BE4-1FA5-4B7E-8A63-CA02970C00D8}.Debug|Any CPU.Build.0 = Debug|Any CPU
		{48058BE4-1FA5-4B7E-8A63-CA02970C00D8}.Release|Any CPU.ActiveCfg = Release|Any CPU
		{48058BE4-1FA5-4B7E-8A63-CA02970C00D8}.Release|Any CPU.Build.0 = Release|Any CPU
	EndGlobalSection
	GlobalSection(SolutionProperties) = preSolution
		HideSolutionNode = FALSE
	EndGlobalSection
	GlobalSection(NestedProjects) = preSolution
		{383E9377-6322-4840-B98D-269BCD52C9F1} = {9C236CFF-981B-4B20-A336-2B0B09869516}
		{7421021C-233F-4FD5-8498-8F249E5F9966} = {9C236CFF-981B-4B20-A336-2B0B09869516}
		{D9D203E3-1480-4FD3-ACCB-3300B3333905} = {9C236CFF-981B-4B20-A336-2B0B09869516}
		{48058BE4-1FA5-4B7E-8A63-CA02970C00D8} = {9C236CFF-981B-4B20-A336-2B0B09869516}
	EndGlobalSection
	GlobalSection(ExtensibilityGlobals) = postSolution
		SolutionGuid = {7C730EFF-7960-4F2C-A096-085067AE339F}
	EndGlobalSection
EndGlobal
